// !$*UTF8*$!
{
	archiveVersion = 1;
	classes = {
	};
	objectVersion = 46;
	objects = {

/* Begin PBXBuildFile section */
		0300E70714D1A93100611039 /* AppDelegate.m in Sources */ = {isa = PBXBuildFile; fileRef = 0300E6D914D1A93100611039 /* AppDelegate.m */; };
		0300E70814D1A93100611039 /* EGORefreshTableHeaderView.m in Sources */ = {isa = PBXBuildFile; fileRef = 0300E6DB14D1A93100611039 /* EGORefreshTableHeaderView.m */; };
		0300E71714D1A93100611039 /* UIPullDownWebViewController.m in Sources */ = {isa = PBXBuildFile; fileRef = 0300E6FC14D1A93100611039 /* UIPullDownWebViewController.m */; };
		0300E71B14D1A93100611039 /* UIWebViewController.m in Sources */ = {isa = PBXBuildFile; fileRef = 0300E70414D1A93100611039 /* UIWebViewController.m */; };
		0300E72914D23E6B00611039 /* SettingsManager.m in Sources */ = {isa = PBXBuildFile; fileRef = 0300E71F14D23E6A00611039 /* SettingsManager.m */; };
		0300E72A14D23E6B00611039 /* FeedListViewController.m in Sources */ = {isa = PBXBuildFile; fileRef = 0300E72214D23E6B00611039 /* FeedListViewController.m */; };
		0300E72B14D23E6B00611039 /* ProfileViewController.m in Sources */ = {isa = PBXBuildFile; fileRef = 0300E72414D23E6B00611039 /* ProfileViewController.m */; };
		0300E72C14D23E6B00611039 /* RegionViewController.m in Sources */ = {isa = PBXBuildFile; fileRef = 0300E72614D23E6B00611039 /* RegionViewController.m */; };
		0300E72D14D23E6B00611039 /* ShareViewController.m in Sources */ = {isa = PBXBuildFile; fileRef = 0300E72814D23E6B00611039 /* ShareViewController.m */; };
		0309901A14CB31DD00715F5A /* QuartzCore.framework in Frameworks */ = {isa = PBXBuildFile; fileRef = 0309901914CB31DD00715F5A /* QuartzCore.framework */; };
		0311F71814E43AAC0081B74E /* BlueArrow.png in Resources */ = {isa = PBXBuildFile; fileRef = 0311F6EC14E43AAC0081B74E /* BlueArrow.png */; };
		0311F71914E43AAC0081B74E /* BlueArrow@2x.png in Resources */ = {isa = PBXBuildFile; fileRef = 0311F6ED14E43AAC0081B74E /* BlueArrow@2x.png */; };
		0311F71A14E43AAC0081B74E /* button_all.png in Resources */ = {isa = PBXBuildFile; fileRef = 0311F6EE14E43AAC0081B74E /* button_all.png */; };
		0311F71B14E43AAC0081B74E /* button_all@2x.png in Resources */ = {isa = PBXBuildFile; fileRef = 0311F6EF14E43AAC0081B74E /* button_all@2x.png */; };
		0311F71C14E43AAC0081B74E /* button_all_selected.png in Resources */ = {isa = PBXBuildFile; fileRef = 0311F6F014E43AAC0081B74E /* button_all_selected.png */; };
		0311F71D14E43AAC0081B74E /* button_all_selected@2x.png in Resources */ = {isa = PBXBuildFile; fileRef = 0311F6F114E43AAC0081B74E /* button_all_selected@2x.png */; };
		0311F71E14E43AAC0081B74E /* button_back.png in Resources */ = {isa = PBXBuildFile; fileRef = 0311F6F214E43AAC0081B74E /* button_back.png */; };
		0311F71F14E43AAC0081B74E /* button_back@2x.png in Resources */ = {isa = PBXBuildFile; fileRef = 0311F6F314E43AAC0081B74E /* button_back@2x.png */; };
		0311F72014E43AAC0081B74E /* button_following.png in Resources */ = {isa = PBXBuildFile; fileRef = 0311F6F414E43AAC0081B74E /* button_following.png */; };
		0311F72114E43AAC0081B74E /* button_following@2x.png in Resources */ = {isa = PBXBuildFile; fileRef = 0311F6F514E43AAC0081B74E /* button_following@2x.png */; };
		0311F72214E43AAC0081B74E /* button_following_click.png in Resources */ = {isa = PBXBuildFile; fileRef = 0311F6F614E43AAC0081B74E /* button_following_click.png */; };
		0311F72314E43AAC0081B74E /* button_following_click@2x.png in Resources */ = {isa = PBXBuildFile; fileRef = 0311F6F714E43AAC0081B74E /* button_following_click@2x.png */; };
		0311F72414E43AAC0081B74E /* button_following_selected.png in Resources */ = {isa = PBXBuildFile; fileRef = 0311F6F814E43AAC0081B74E /* button_following_selected.png */; };
		0311F72514E43AAC0081B74E /* button_following_selected@2x.png in Resources */ = {isa = PBXBuildFile; fileRef = 0311F6F914E43AAC0081B74E /* button_following_selected@2x.png */; };
		0311F72614E43AAC0081B74E /* button_gps.png in Resources */ = {isa = PBXBuildFile; fileRef = 0311F6FA14E43AAC0081B74E /* button_gps.png */; };
		0311F72714E43AAC0081B74E /* button_gps@2x.png in Resources */ = {isa = PBXBuildFile; fileRef = 0311F6FB14E43AAC0081B74E /* button_gps@2x.png */; };
		0311F72814E43AAC0081B74E /* button_list.png in Resources */ = {isa = PBXBuildFile; fileRef = 0311F6FC14E43AAC0081B74E /* button_list.png */; };
		0311F72914E43AAC0081B74E /* button_list@2x.png in Resources */ = {isa = PBXBuildFile; fileRef = 0311F6FD14E43AAC0081B74E /* button_list@2x.png */; };
		0311F72A14E43AAC0081B74E /* button_map.png in Resources */ = {isa = PBXBuildFile; fileRef = 0311F6FE14E43AAC0081B74E /* button_map.png */; };
		0311F72B14E43AAC0081B74E /* button_map@2x.png in Resources */ = {isa = PBXBuildFile; fileRef = 0311F6FF14E43AAC0081B74E /* button_map@2x.png */; };
		0311F72C14E43AAC0081B74E /* button_new.png in Resources */ = {isa = PBXBuildFile; fileRef = 0311F70014E43AAC0081B74E /* button_new.png */; };
		0311F72D14E43AAC0081B74E /* button_new@2x.png in Resources */ = {isa = PBXBuildFile; fileRef = 0311F70114E43AAC0081B74E /* button_new@2x.png */; };
		0311F72E14E43AAC0081B74E /* button_new_selected.png in Resources */ = {isa = PBXBuildFile; fileRef = 0311F70214E43AAC0081B74E /* button_new_selected.png */; };
		0311F72F14E43AAC0081B74E /* button_new_selected@2x.png in Resources */ = {isa = PBXBuildFile; fileRef = 0311F70314E43AAC0081B74E /* button_new_selected@2x.png */; };
		0311F73014E43AAC0081B74E /* button_popular.png in Resources */ = {isa = PBXBuildFile; fileRef = 0311F70414E43AAC0081B74E /* button_popular.png */; };
		0311F73114E43AAC0081B74E /* button_popular@2x.png in Resources */ = {isa = PBXBuildFile; fileRef = 0311F70514E43AAC0081B74E /* button_popular@2x.png */; };
		0311F73214E43AAC0081B74E /* button_popular_selected.png in Resources */ = {isa = PBXBuildFile; fileRef = 0311F70614E43AAC0081B74E /* button_popular_selected.png */; };
		0311F73314E43AAC0081B74E /* button_popular_selected@2x.png in Resources */ = {isa = PBXBuildFile; fileRef = 0311F70714E43AAC0081B74E /* button_popular_selected@2x.png */; };
		0311F73414E43AAC0081B74E /* button_region.png in Resources */ = {isa = PBXBuildFile; fileRef = 0311F70814E43AAC0081B74E /* button_region.png */; };
		0311F73514E43AAC0081B74E /* button_region@2x.png in Resources */ = {isa = PBXBuildFile; fileRef = 0311F70914E43AAC0081B74E /* button_region@2x.png */; };
		0311F73614E43AAC0081B74E /* navigation_bar.png in Resources */ = {isa = PBXBuildFile; fileRef = 0311F70A14E43AAC0081B74E /* navigation_bar.png */; };
		0311F73714E43AAC0081B74E /* navigation_bar@2x.png in Resources */ = {isa = PBXBuildFile; fileRef = 0311F70B14E43AAC0081B74E /* navigation_bar@2x.png */; };
		0311F73814E43AAC0081B74E /* tab_bar.png in Resources */ = {isa = PBXBuildFile; fileRef = 0311F70C14E43AAC0081B74E /* tab_bar.png */; };
		0311F73914E43AAC0081B74E /* tab_bar@2x.png in Resources */ = {isa = PBXBuildFile; fileRef = 0311F70D14E43AAC0081B74E /* tab_bar@2x.png */; };
		0311F73A14E43AAC0081B74E /* tab_feed.png in Resources */ = {isa = PBXBuildFile; fileRef = 0311F70E14E43AAC0081B74E /* tab_feed.png */; };
		0311F73B14E43AAC0081B74E /* tab_feed@2x.png in Resources */ = {isa = PBXBuildFile; fileRef = 0311F70F14E43AAC0081B74E /* tab_feed@2x.png */; };
		0311F73C14E43AAC0081B74E /* tab_people.png in Resources */ = {isa = PBXBuildFile; fileRef = 0311F71014E43AAC0081B74E /* tab_people.png */; };
		0311F73D14E43AAC0081B74E /* tab_people@2x.png in Resources */ = {isa = PBXBuildFile; fileRef = 0311F71114E43AAC0081B74E /* tab_people@2x.png */; };
		0311F73E14E43AAC0081B74E /* tab_profile.png in Resources */ = {isa = PBXBuildFile; fileRef = 0311F71214E43AAC0081B74E /* tab_profile.png */; };
		0311F73F14E43AAC0081B74E /* tab_profile@2x.png in Resources */ = {isa = PBXBuildFile; fileRef = 0311F71314E43AAC0081B74E /* tab_profile@2x.png */; };
		0311F74014E43AAC0081B74E /* tab_share.png in Resources */ = {isa = PBXBuildFile; fileRef = 0311F71414E43AAC0081B74E /* tab_share.png */; };
		0311F74114E43AAC0081B74E /* tab_share@2x.png in Resources */ = {isa = PBXBuildFile; fileRef = 0311F71514E43AAC0081B74E /* tab_share@2x.png */; };
		0311F74214E43AAC0081B74E /* tab_trip.png in Resources */ = {isa = PBXBuildFile; fileRef = 0311F71614E43AAC0081B74E /* tab_trip.png */; };
		0311F74314E43AAC0081B74E /* tab_trip@2x.png in Resources */ = {isa = PBXBuildFile; fileRef = 0311F71714E43AAC0081B74E /* tab_trip@2x.png */; };
		031CA4F114EF57850015D2AC /* ImTravelingViewController.m in Sources */ = {isa = PBXBuildFile; fileRef = 031CA4F014EF57840015D2AC /* ImTravelingViewController.m */; };
		031CA4F514EFA76A0015D2AC /* FeedObject.m in Sources */ = {isa = PBXBuildFile; fileRef = 031CA4F414EFA76A0015D2AC /* FeedObject.m */; };
		03266C1614C668B200B4A447 /* www in Resources */ = {isa = PBXBuildFile; fileRef = 03266C1514C668B200B4A447 /* www */; };
		0356C0B914E3BABF005B099E /* FeedLineAnnotation.m in Sources */ = {isa = PBXBuildFile; fileRef = 0356C0B814E3BABF005B099E /* FeedLineAnnotation.m */; };
		0356C0BC14E3BBA0005B099E /* FeedLineAnnotationView.m in Sources */ = {isa = PBXBuildFile; fileRef = 0356C0BB14E3BBA0005B099E /* FeedLineAnnotationView.m */; };
		035FDEB014F0F50B002A2D1B /* ImTravelingWebView.m in Sources */ = {isa = PBXBuildFile; fileRef = 035FDEAF14F0F50B002A2D1B /* ImTravelingWebView.m */; };
		036580AE14F4DE9D00B82FF7 /* LoadingQueue.m in Sources */ = {isa = PBXBuildFile; fileRef = 036580AD14F4DE9D00B82FF7 /* LoadingQueue.m */; };
		0371752C14EFE0B8006E8EE8 /* FeedDetailWebView.m in Sources */ = {isa = PBXBuildFile; fileRef = 0371752B14EFE0B8006E8EE8 /* FeedDetailWebView.m */; };
		039B582D14D67B2400E5212C /* MapViewController.m in Sources */ = {isa = PBXBuildFile; fileRef = 039B582C14D67B2400E5212C /* MapViewController.m */; };
		039B583214D67C2100E5212C /* CoreLocation.framework in Frameworks */ = {isa = PBXBuildFile; fileRef = 039B583114D67C2100E5212C /* CoreLocation.framework */; };
		039B583414D67C6600E5212C /* MapKit.framework in Frameworks */ = {isa = PBXBuildFile; fileRef = 039B583314D67C6600E5212C /* MapKit.framework */; };
		039F63FA14C5CEE6002EC78F /* UIKit.framework in Frameworks */ = {isa = PBXBuildFile; fileRef = 039F63F914C5CEE6002EC78F /* UIKit.framework */; };
		039F63FC14C5CEE6002EC78F /* Foundation.framework in Frameworks */ = {isa = PBXBuildFile; fileRef = 039F63FB14C5CEE6002EC78F /* Foundation.framework */; };
		039F63FE14C5CEE6002EC78F /* CoreGraphics.framework in Frameworks */ = {isa = PBXBuildFile; fileRef = 039F63FD14C5CEE6002EC78F /* CoreGraphics.framework */; };
		039F640414C5CEE6002EC78F /* InfoPlist.strings in Resources */ = {isa = PBXBuildFile; fileRef = 039F640214C5CEE6002EC78F /* InfoPlist.strings */; };
		039F640614C5CEE6002EC78F /* main.m in Sources */ = {isa = PBXBuildFile; fileRef = 039F640514C5CEE6002EC78F /* main.m */; };
		03AD0FED14DB3AEE00D9573D /* Utils.m in Sources */ = {isa = PBXBuildFile; fileRef = 03AD0FEC14DB3AEE00D9573D /* Utils.m */; };
		03AD100A14DBCE0800D9573D /* NSObject+SBJson.m in Sources */ = {isa = PBXBuildFile; fileRef = 03AD0FF214DBCE0800D9573D /* NSObject+SBJson.m */; };
		03AD100B14DBCE0800D9573D /* SBJsonParser.m in Sources */ = {isa = PBXBuildFile; fileRef = 03AD0FF514DBCE0800D9573D /* SBJsonParser.m */; };
		03AD100C14DBCE0800D9573D /* SBJsonStreamParser.m in Sources */ = {isa = PBXBuildFile; fileRef = 03AD0FF714DBCE0800D9573D /* SBJsonStreamParser.m */; };
		03AD100D14DBCE0800D9573D /* SBJsonStreamParserAccumulator.m in Sources */ = {isa = PBXBuildFile; fileRef = 03AD0FF914DBCE0800D9573D /* SBJsonStreamParserAccumulator.m */; };
		03AD100E14DBCE0800D9573D /* SBJsonStreamParserAdapter.m in Sources */ = {isa = PBXBuildFile; fileRef = 03AD0FFB14DBCE0800D9573D /* SBJsonStreamParserAdapter.m */; };
		03AD100F14DBCE0800D9573D /* SBJsonStreamParserState.m in Sources */ = {isa = PBXBuildFile; fileRef = 03AD0FFD14DBCE0800D9573D /* SBJsonStreamParserState.m */; };
		03AD101014DBCE0800D9573D /* SBJsonStreamWriter.m in Sources */ = {isa = PBXBuildFile; fileRef = 03AD0FFF14DBCE0800D9573D /* SBJsonStreamWriter.m */; };
		03AD101114DBCE0800D9573D /* SBJsonStreamWriterAccumulator.m in Sources */ = {isa = PBXBuildFile; fileRef = 03AD100114DBCE0800D9573D /* SBJsonStreamWriterAccumulator.m */; };
		03AD101214DBCE0800D9573D /* SBJsonStreamWriterState.m in Sources */ = {isa = PBXBuildFile; fileRef = 03AD100314DBCE0800D9573D /* SBJsonStreamWriterState.m */; };
		03AD101314DBCE0800D9573D /* SBJsonTokeniser.m in Sources */ = {isa = PBXBuildFile; fileRef = 03AD100514DBCE0800D9573D /* SBJsonTokeniser.m */; };
		03AD101414DBCE0800D9573D /* SBJsonUTF8Stream.m in Sources */ = {isa = PBXBuildFile; fileRef = 03AD100714DBCE0800D9573D /* SBJsonUTF8Stream.m */; };
		03AD101514DBCE0800D9573D /* SBJsonWriter.m in Sources */ = {isa = PBXBuildFile; fileRef = 03AD100914DBCE0800D9573D /* SBJsonWriter.m */; };
		03AD101B14DBCF1800D9573D /* UserObject.m in Sources */ = {isa = PBXBuildFile; fileRef = 03AD101A14DBCF1800D9573D /* UserObject.m */; };
		03AF15C714F637A6003F1621 /* ProfileWebView.m in Sources */ = {isa = PBXBuildFile; fileRef = 03AF15C614F637A6003F1621 /* ProfileWebView.m */; };
		03BB027D14F902E300AFC6BC /* cover_temp.jpg in Resources */ = {isa = PBXBuildFile; fileRef = 03BB027C14F902E300AFC6BC /* cover_temp.jpg */; };
		03FDD10F14D4534D006E453A /* FeedDetailViewController.m in Sources */ = {isa = PBXBuildFile; fileRef = 03FDD10E14D4534D006E453A /* FeedDetailViewController.m */; };
/* End PBXBuildFile section */

/* Begin PBXFileReference section */
		0300E67214D133BF00611039 /* Const.h */ = {isa = PBXFileReference; fileEncoding = 4; lastKnownFileType = sourcecode.c.h; path = Const.h; sourceTree = "<group>"; };
		0300E6D814D1A93100611039 /* AppDelegate.h */ = {isa = PBXFileReference; fileEncoding = 4; lastKnownFileType = sourcecode.c.h; path = AppDelegate.h; sourceTree = "<group>"; };
		0300E6D914D1A93100611039 /* AppDelegate.m */ = {isa = PBXFileReference; fileEncoding = 4; lastKnownFileType = sourcecode.c.objc; path = AppDelegate.m; sourceTree = "<group>"; };
		0300E6DA14D1A93100611039 /* EGORefreshTableHeaderView.h */ = {isa = PBXFileReference; fileEncoding = 4; lastKnownFileType = sourcecode.c.h; path = EGORefreshTableHeaderView.h; sourceTree = "<group>"; };
		0300E6DB14D1A93100611039 /* EGORefreshTableHeaderView.m */ = {isa = PBXFileReference; fileEncoding = 4; lastKnownFileType = sourcecode.c.objc; path = EGORefreshTableHeaderView.m; sourceTree = "<group>"; };
		0300E6FB14D1A93100611039 /* UIPullDownWebViewController.h */ = {isa = PBXFileReference; fileEncoding = 4; lastKnownFileType = sourcecode.c.h; path = UIPullDownWebViewController.h; sourceTree = "<group>"; };
		0300E6FC14D1A93100611039 /* UIPullDownWebViewController.m */ = {isa = PBXFileReference; fileEncoding = 4; lastKnownFileType = sourcecode.c.objc; path = UIPullDownWebViewController.m; sourceTree = "<group>"; };
		0300E70314D1A93100611039 /* UIWebViewController.h */ = {isa = PBXFileReference; fileEncoding = 4; lastKnownFileType = sourcecode.c.h; path = UIWebViewController.h; sourceTree = "<group>"; };
		0300E70414D1A93100611039 /* UIWebViewController.m */ = {isa = PBXFileReference; fileEncoding = 4; lastKnownFileType = sourcecode.c.objc; path = UIWebViewController.m; sourceTree = "<group>"; };
		0300E71E14D23E6A00611039 /* SettingsManager.h */ = {isa = PBXFileReference; fileEncoding = 4; lastKnownFileType = sourcecode.c.h; path = SettingsManager.h; sourceTree = "<group>"; };
		0300E71F14D23E6A00611039 /* SettingsManager.m */ = {isa = PBXFileReference; fileEncoding = 4; lastKnownFileType = sourcecode.c.objc; path = SettingsManager.m; sourceTree = "<group>"; };
		0300E72114D23E6B00611039 /* FeedListViewController.h */ = {isa = PBXFileReference; fileEncoding = 4; lastKnownFileType = sourcecode.c.h; path = FeedListViewController.h; sourceTree = "<group>"; };
		0300E72214D23E6B00611039 /* FeedListViewController.m */ = {isa = PBXFileReference; fileEncoding = 4; lastKnownFileType = sourcecode.c.objc; path = FeedListViewController.m; sourceTree = "<group>"; };
		0300E72314D23E6B00611039 /* ProfileViewController.h */ = {isa = PBXFileReference; fileEncoding = 4; lastKnownFileType = sourcecode.c.h; path = ProfileViewController.h; sourceTree = "<group>"; };
		0300E72414D23E6B00611039 /* ProfileViewController.m */ = {isa = PBXFileReference; fileEncoding = 4; lastKnownFileType = sourcecode.c.objc; path = ProfileViewController.m; sourceTree = "<group>"; };
		0300E72514D23E6B00611039 /* RegionViewController.h */ = {isa = PBXFileReference; fileEncoding = 4; lastKnownFileType = sourcecode.c.h; path = RegionViewController.h; sourceTree = "<group>"; };
		0300E72614D23E6B00611039 /* RegionViewController.m */ = {isa = PBXFileReference; fileEncoding = 4; lastKnownFileType = sourcecode.c.objc; path = RegionViewController.m; sourceTree = "<group>"; };
		0300E72714D23E6B00611039 /* ShareViewController.h */ = {isa = PBXFileReference; fileEncoding = 4; lastKnownFileType = sourcecode.c.h; path = ShareViewController.h; sourceTree = "<group>"; };
		0300E72814D23E6B00611039 /* ShareViewController.m */ = {isa = PBXFileReference; fileEncoding = 4; lastKnownFileType = sourcecode.c.objc; path = ShareViewController.m; sourceTree = "<group>"; };
		0309901914CB31DD00715F5A /* QuartzCore.framework */ = {isa = PBXFileReference; lastKnownFileType = wrapper.framework; name = QuartzCore.framework; path = System/Library/Frameworks/QuartzCore.framework; sourceTree = SDKROOT; };
		0311F6EC14E43AAC0081B74E /* BlueArrow.png */ = {isa = PBXFileReference; lastKnownFileType = image.png; path = BlueArrow.png; sourceTree = "<group>"; };
		0311F6ED14E43AAC0081B74E /* BlueArrow@2x.png */ = {isa = PBXFileReference; lastKnownFileType = image.png; path = "BlueArrow@2x.png"; sourceTree = "<group>"; };
		0311F6EE14E43AAC0081B74E /* button_all.png */ = {isa = PBXFileReference; lastKnownFileType = image.png; path = button_all.png; sourceTree = "<group>"; };
		0311F6EF14E43AAC0081B74E /* button_all@2x.png */ = {isa = PBXFileReference; lastKnownFileType = image.png; path = "button_all@2x.png"; sourceTree = "<group>"; };
		0311F6F014E43AAC0081B74E /* button_all_selected.png */ = {isa = PBXFileReference; lastKnownFileType = image.png; path = button_all_selected.png; sourceTree = "<group>"; };
		0311F6F114E43AAC0081B74E /* button_all_selected@2x.png */ = {isa = PBXFileReference; lastKnownFileType = image.png; path = "button_all_selected@2x.png"; sourceTree = "<group>"; };
		0311F6F214E43AAC0081B74E /* button_back.png */ = {isa = PBXFileReference; lastKnownFileType = image.png; path = button_back.png; sourceTree = "<group>"; };
		0311F6F314E43AAC0081B74E /* button_back@2x.png */ = {isa = PBXFileReference; lastKnownFileType = image.png; path = "button_back@2x.png"; sourceTree = "<group>"; };
		0311F6F414E43AAC0081B74E /* button_following.png */ = {isa = PBXFileReference; lastKnownFileType = image.png; path = button_following.png; sourceTree = "<group>"; };
		0311F6F514E43AAC0081B74E /* button_following@2x.png */ = {isa = PBXFileReference; lastKnownFileType = image.png; path = "button_following@2x.png"; sourceTree = "<group>"; };
		0311F6F614E43AAC0081B74E /* button_following_click.png */ = {isa = PBXFileReference; lastKnownFileType = image.png; path = button_following_click.png; sourceTree = "<group>"; };
		0311F6F714E43AAC0081B74E /* button_following_click@2x.png */ = {isa = PBXFileReference; lastKnownFileType = image.png; path = "button_following_click@2x.png"; sourceTree = "<group>"; };
		0311F6F814E43AAC0081B74E /* button_following_selected.png */ = {isa = PBXFileReference; lastKnownFileType = image.png; path = button_following_selected.png; sourceTree = "<group>"; };
		0311F6F914E43AAC0081B74E /* button_following_selected@2x.png */ = {isa = PBXFileReference; lastKnownFileType = image.png; path = "button_following_selected@2x.png"; sourceTree = "<group>"; };
		0311F6FA14E43AAC0081B74E /* button_gps.png */ = {isa = PBXFileReference; lastKnownFileType = image.png; path = button_gps.png; sourceTree = "<group>"; };
		0311F6FB14E43AAC0081B74E /* button_gps@2x.png */ = {isa = PBXFileReference; lastKnownFileType = image.png; path = "button_gps@2x.png"; sourceTree = "<group>"; };
		0311F6FC14E43AAC0081B74E /* button_list.png */ = {isa = PBXFileReference; lastKnownFileType = image.png; path = button_list.png; sourceTree = "<group>"; };
		0311F6FD14E43AAC0081B74E /* button_list@2x.png */ = {isa = PBXFileReference; lastKnownFileType = image.png; path = "button_list@2x.png"; sourceTree = "<group>"; };
		0311F6FE14E43AAC0081B74E /* button_map.png */ = {isa = PBXFileReference; lastKnownFileType = image.png; path = button_map.png; sourceTree = "<group>"; };
		0311F6FF14E43AAC0081B74E /* button_map@2x.png */ = {isa = PBXFileReference; lastKnownFileType = image.png; path = "button_map@2x.png"; sourceTree = "<group>"; };
		0311F70014E43AAC0081B74E /* button_new.png */ = {isa = PBXFileReference; lastKnownFileType = image.png; path = button_new.png; sourceTree = "<group>"; };
		0311F70114E43AAC0081B74E /* button_new@2x.png */ = {isa = PBXFileReference; lastKnownFileType = image.png; path = "button_new@2x.png"; sourceTree = "<group>"; };
		0311F70214E43AAC0081B74E /* button_new_selected.png */ = {isa = PBXFileReference; lastKnownFileType = image.png; path = button_new_selected.png; sourceTree = "<group>"; };
		0311F70314E43AAC0081B74E /* button_new_selected@2x.png */ = {isa = PBXFileReference; lastKnownFileType = image.png; path = "button_new_selected@2x.png"; sourceTree = "<group>"; };
		0311F70414E43AAC0081B74E /* button_popular.png */ = {isa = PBXFileReference; lastKnownFileType = image.png; path = button_popular.png; sourceTree = "<group>"; };
		0311F70514E43AAC0081B74E /* button_popular@2x.png */ = {isa = PBXFileReference; lastKnownFileType = image.png; path = "button_popular@2x.png"; sourceTree = "<group>"; };
		0311F70614E43AAC0081B74E /* button_popular_selected.png */ = {isa = PBXFileReference; lastKnownFileType = image.png; path = button_popular_selected.png; sourceTree = "<group>"; };
		0311F70714E43AAC0081B74E /* button_popular_selected@2x.png */ = {isa = PBXFileReference; lastKnownFileType = image.png; path = "button_popular_selected@2x.png"; sourceTree = "<group>"; };
		0311F70814E43AAC0081B74E /* button_region.png */ = {isa = PBXFileReference; lastKnownFileType = image.png; path = button_region.png; sourceTree = "<group>"; };
		0311F70914E43AAC0081B74E /* button_region@2x.png */ = {isa = PBXFileReference; lastKnownFileType = image.png; path = "button_region@2x.png"; sourceTree = "<group>"; };
		0311F70A14E43AAC0081B74E /* navigation_bar.png */ = {isa = PBXFileReference; lastKnownFileType = image.png; path = navigation_bar.png; sourceTree = "<group>"; };
		0311F70B14E43AAC0081B74E /* navigation_bar@2x.png */ = {isa = PBXFileReference; lastKnownFileType = image.png; path = "navigation_bar@2x.png"; sourceTree = "<group>"; };
		0311F70C14E43AAC0081B74E /* tab_bar.png */ = {isa = PBXFileReference; lastKnownFileType = image.png; path = tab_bar.png; sourceTree = "<group>"; };
		0311F70D14E43AAC0081B74E /* tab_bar@2x.png */ = {isa = PBXFileReference; lastKnownFileType = image.png; path = "tab_bar@2x.png"; sourceTree = "<group>"; };
		0311F70E14E43AAC0081B74E /* tab_feed.png */ = {isa = PBXFileReference; lastKnownFileType = image.png; path = tab_feed.png; sourceTree = "<group>"; };
		0311F70F14E43AAC0081B74E /* tab_feed@2x.png */ = {isa = PBXFileReference; lastKnownFileType = image.png; path = "tab_feed@2x.png"; sourceTree = "<group>"; };
		0311F71014E43AAC0081B74E /* tab_people.png */ = {isa = PBXFileReference; lastKnownFileType = image.png; path = tab_people.png; sourceTree = "<group>"; };
		0311F71114E43AAC0081B74E /* tab_people@2x.png */ = {isa = PBXFileReference; lastKnownFileType = image.png; path = "tab_people@2x.png"; sourceTree = "<group>"; };
		0311F71214E43AAC0081B74E /* tab_profile.png */ = {isa = PBXFileReference; lastKnownFileType = image.png; path = tab_profile.png; sourceTree = "<group>"; };
		0311F71314E43AAC0081B74E /* tab_profile@2x.png */ = {isa = PBXFileReference; lastKnownFileType = image.png; path = "tab_profile@2x.png"; sourceTree = "<group>"; };
		0311F71414E43AAC0081B74E /* tab_share.png */ = {isa = PBXFileReference; lastKnownFileType = image.png; path = tab_share.png; sourceTree = "<group>"; };
		0311F71514E43AAC0081B74E /* tab_share@2x.png */ = {isa = PBXFileReference; lastKnownFileType = image.png; path = "tab_share@2x.png"; sourceTree = "<group>"; };
		0311F71614E43AAC0081B74E /* tab_trip.png */ = {isa = PBXFileReference; lastKnownFileType = image.png; path = tab_trip.png; sourceTree = "<group>"; };
		0311F71714E43AAC0081B74E /* tab_trip@2x.png */ = {isa = PBXFileReference; lastKnownFileType = image.png; path = "tab_trip@2x.png"; sourceTree = "<group>"; };
		031CA4EF14EF57840015D2AC /* ImTravelingViewController.h */ = {isa = PBXFileReference; fileEncoding = 4; lastKnownFileType = sourcecode.c.h; path = ImTravelingViewController.h; sourceTree = "<group>"; };
		031CA4F014EF57840015D2AC /* ImTravelingViewController.m */ = {isa = PBXFileReference; fileEncoding = 4; lastKnownFileType = sourcecode.c.objc; path = ImTravelingViewController.m; sourceTree = "<group>"; };
		031CA4F314EFA76A0015D2AC /* FeedObject.h */ = {isa = PBXFileReference; fileEncoding = 4; lastKnownFileType = sourcecode.c.h; path = FeedObject.h; sourceTree = "<group>"; };
		031CA4F414EFA76A0015D2AC /* FeedObject.m */ = {isa = PBXFileReference; fileEncoding = 4; lastKnownFileType = sourcecode.c.objc; path = FeedObject.m; sourceTree = "<group>"; };
		03266C1514C668B200B4A447 /* www */ = {isa = PBXFileReference; lastKnownFileType = folder; path = www; sourceTree = "<group>"; };
		0356C0B714E3BABF005B099E /* FeedLineAnnotation.h */ = {isa = PBXFileReference; fileEncoding = 4; lastKnownFileType = sourcecode.c.h; path = FeedLineAnnotation.h; sourceTree = "<group>"; };
		0356C0B814E3BABF005B099E /* FeedLineAnnotation.m */ = {isa = PBXFileReference; fileEncoding = 4; lastKnownFileType = sourcecode.c.objc; path = FeedLineAnnotation.m; sourceTree = "<group>"; };
		0356C0BA14E3BB9F005B099E /* FeedLineAnnotationView.h */ = {isa = PBXFileReference; fileEncoding = 4; lastKnownFileType = sourcecode.c.h; path = FeedLineAnnotationView.h; sourceTree = "<group>"; };
		0356C0BB14E3BBA0005B099E /* FeedLineAnnotationView.m */ = {isa = PBXFileReference; fileEncoding = 4; lastKnownFileType = sourcecode.c.objc; path = FeedLineAnnotationView.m; sourceTree = "<group>"; };
		035FDEAE14F0F50B002A2D1B /* ImTravelingWebView.h */ = {isa = PBXFileReference; fileEncoding = 4; lastKnownFileType = sourcecode.c.h; path = ImTravelingWebView.h; sourceTree = "<group>"; };
		035FDEAF14F0F50B002A2D1B /* ImTravelingWebView.m */ = {isa = PBXFileReference; fileEncoding = 4; lastKnownFileType = sourcecode.c.objc; path = ImTravelingWebView.m; sourceTree = "<group>"; };
		036580AC14F4DE9D00B82FF7 /* LoadingQueue.h */ = {isa = PBXFileReference; fileEncoding = 4; lastKnownFileType = sourcecode.c.h; path = LoadingQueue.h; sourceTree = "<group>"; };
		036580AD14F4DE9D00B82FF7 /* LoadingQueue.m */ = {isa = PBXFileReference; fileEncoding = 4; lastKnownFileType = sourcecode.c.objc; path = LoadingQueue.m; sourceTree = "<group>"; };
		0371752A14EFE0B8006E8EE8 /* FeedDetailWebView.h */ = {isa = PBXFileReference; fileEncoding = 4; lastKnownFileType = sourcecode.c.h; path = FeedDetailWebView.h; sourceTree = "<group>"; };
		0371752B14EFE0B8006E8EE8 /* FeedDetailWebView.m */ = {isa = PBXFileReference; fileEncoding = 4; lastKnownFileType = sourcecode.c.objc; path = FeedDetailWebView.m; sourceTree = "<group>"; };
		039B582B14D67B2400E5212C /* MapViewController.h */ = {isa = PBXFileReference; fileEncoding = 4; lastKnownFileType = sourcecode.c.h; path = MapViewController.h; sourceTree = "<group>"; };
		039B582C14D67B2400E5212C /* MapViewController.m */ = {isa = PBXFileReference; fileEncoding = 4; lastKnownFileType = sourcecode.c.objc; path = MapViewController.m; sourceTree = "<group>"; };
		039B583114D67C2100E5212C /* CoreLocation.framework */ = {isa = PBXFileReference; lastKnownFileType = wrapper.framework; name = CoreLocation.framework; path = System/Library/Frameworks/CoreLocation.framework; sourceTree = SDKROOT; };
		039B583314D67C6600E5212C /* MapKit.framework */ = {isa = PBXFileReference; lastKnownFileType = wrapper.framework; name = MapKit.framework; path = System/Library/Frameworks/MapKit.framework; sourceTree = SDKROOT; };
		039F63F514C5CEE6002EC78F /* I'm Traveling.app */ = {isa = PBXFileReference; explicitFileType = wrapper.application; includeInIndex = 0; path = "I'm Traveling.app"; sourceTree = BUILT_PRODUCTS_DIR; };
		039F63F914C5CEE6002EC78F /* UIKit.framework */ = {isa = PBXFileReference; lastKnownFileType = wrapper.framework; name = UIKit.framework; path = System/Library/Frameworks/UIKit.framework; sourceTree = SDKROOT; };
		039F63FB14C5CEE6002EC78F /* Foundation.framework */ = {isa = PBXFileReference; lastKnownFileType = wrapper.framework; name = Foundation.framework; path = System/Library/Frameworks/Foundation.framework; sourceTree = SDKROOT; };
		039F63FD14C5CEE6002EC78F /* CoreGraphics.framework */ = {isa = PBXFileReference; lastKnownFileType = wrapper.framework; name = CoreGraphics.framework; path = System/Library/Frameworks/CoreGraphics.framework; sourceTree = SDKROOT; };
		039F640114C5CEE6002EC78F /* I'm Traveling-Info.plist */ = {isa = PBXFileReference; lastKnownFileType = text.plist.xml; path = "I'm Traveling-Info.plist"; sourceTree = "<group>"; };
		039F640314C5CEE6002EC78F /* en */ = {isa = PBXFileReference; lastKnownFileType = text.plist.strings; name = en; path = en.lproj/InfoPlist.strings; sourceTree = "<group>"; };
		039F640514C5CEE6002EC78F /* main.m */ = {isa = PBXFileReference; lastKnownFileType = sourcecode.c.objc; path = main.m; sourceTree = "<group>"; };
		039F640714C5CEE6002EC78F /* I'm Traveling-Prefix.pch */ = {isa = PBXFileReference; lastKnownFileType = sourcecode.c.h; path = "I'm Traveling-Prefix.pch"; sourceTree = "<group>"; };
		03AD0FEB14DB3AEE00D9573D /* Utils.h */ = {isa = PBXFileReference; fileEncoding = 4; lastKnownFileType = sourcecode.c.h; path = Utils.h; sourceTree = "<group>"; };
		03AD0FEC14DB3AEE00D9573D /* Utils.m */ = {isa = PBXFileReference; fileEncoding = 4; lastKnownFileType = sourcecode.c.objc; path = Utils.m; sourceTree = "<group>"; };
		03AD0FF014DBCE0800D9573D /* JSON.h */ = {isa = PBXFileReference; fileEncoding = 4; lastKnownFileType = sourcecode.c.h; path = JSON.h; sourceTree = "<group>"; };
		03AD0FF114DBCE0800D9573D /* NSObject+SBJson.h */ = {isa = PBXFileReference; fileEncoding = 4; lastKnownFileType = sourcecode.c.h; path = "NSObject+SBJson.h"; sourceTree = "<group>"; };
		03AD0FF214DBCE0800D9573D /* NSObject+SBJson.m */ = {isa = PBXFileReference; fileEncoding = 4; lastKnownFileType = sourcecode.c.objc; path = "NSObject+SBJson.m"; sourceTree = "<group>"; };
		03AD0FF314DBCE0800D9573D /* SBJson.h */ = {isa = PBXFileReference; fileEncoding = 4; lastKnownFileType = sourcecode.c.h; path = SBJson.h; sourceTree = "<group>"; };
		03AD0FF414DBCE0800D9573D /* SBJsonParser.h */ = {isa = PBXFileReference; fileEncoding = 4; lastKnownFileType = sourcecode.c.h; path = SBJsonParser.h; sourceTree = "<group>"; };
		03AD0FF514DBCE0800D9573D /* SBJsonParser.m */ = {isa = PBXFileReference; fileEncoding = 4; lastKnownFileType = sourcecode.c.objc; path = SBJsonParser.m; sourceTree = "<group>"; };
		03AD0FF614DBCE0800D9573D /* SBJsonStreamParser.h */ = {isa = PBXFileReference; fileEncoding = 4; lastKnownFileType = sourcecode.c.h; path = SBJsonStreamParser.h; sourceTree = "<group>"; };
		03AD0FF714DBCE0800D9573D /* SBJsonStreamParser.m */ = {isa = PBXFileReference; fileEncoding = 4; lastKnownFileType = sourcecode.c.objc; path = SBJsonStreamParser.m; sourceTree = "<group>"; };
		03AD0FF814DBCE0800D9573D /* SBJsonStreamParserAccumulator.h */ = {isa = PBXFileReference; fileEncoding = 4; lastKnownFileType = sourcecode.c.h; path = SBJsonStreamParserAccumulator.h; sourceTree = "<group>"; };
		03AD0FF914DBCE0800D9573D /* SBJsonStreamParserAccumulator.m */ = {isa = PBXFileReference; fileEncoding = 4; lastKnownFileType = sourcecode.c.objc; path = SBJsonStreamParserAccumulator.m; sourceTree = "<group>"; };
		03AD0FFA14DBCE0800D9573D /* SBJsonStreamParserAdapter.h */ = {isa = PBXFileReference; fileEncoding = 4; lastKnownFileType = sourcecode.c.h; path = SBJsonStreamParserAdapter.h; sourceTree = "<group>"; };
		03AD0FFB14DBCE0800D9573D /* SBJsonStreamParserAdapter.m */ = {isa = PBXFileReference; fileEncoding = 4; lastKnownFileType = sourcecode.c.objc; path = SBJsonStreamParserAdapter.m; sourceTree = "<group>"; };
		03AD0FFC14DBCE0800D9573D /* SBJsonStreamParserState.h */ = {isa = PBXFileReference; fileEncoding = 4; lastKnownFileType = sourcecode.c.h; path = SBJsonStreamParserState.h; sourceTree = "<group>"; };
		03AD0FFD14DBCE0800D9573D /* SBJsonStreamParserState.m */ = {isa = PBXFileReference; fileEncoding = 4; lastKnownFileType = sourcecode.c.objc; path = SBJsonStreamParserState.m; sourceTree = "<group>"; };
		03AD0FFE14DBCE0800D9573D /* SBJsonStreamWriter.h */ = {isa = PBXFileReference; fileEncoding = 4; lastKnownFileType = sourcecode.c.h; path = SBJsonStreamWriter.h; sourceTree = "<group>"; };
		03AD0FFF14DBCE0800D9573D /* SBJsonStreamWriter.m */ = {isa = PBXFileReference; fileEncoding = 4; lastKnownFileType = sourcecode.c.objc; path = SBJsonStreamWriter.m; sourceTree = "<group>"; };
		03AD100014DBCE0800D9573D /* SBJsonStreamWriterAccumulator.h */ = {isa = PBXFileReference; fileEncoding = 4; lastKnownFileType = sourcecode.c.h; path = SBJsonStreamWriterAccumulator.h; sourceTree = "<group>"; };
		03AD100114DBCE0800D9573D /* SBJsonStreamWriterAccumulator.m */ = {isa = PBXFileReference; fileEncoding = 4; lastKnownFileType = sourcecode.c.objc; path = SBJsonStreamWriterAccumulator.m; sourceTree = "<group>"; };
		03AD100214DBCE0800D9573D /* SBJsonStreamWriterState.h */ = {isa = PBXFileReference; fileEncoding = 4; lastKnownFileType = sourcecode.c.h; path = SBJsonStreamWriterState.h; sourceTree = "<group>"; };
		03AD100314DBCE0800D9573D /* SBJsonStreamWriterState.m */ = {isa = PBXFileReference; fileEncoding = 4; lastKnownFileType = sourcecode.c.objc; path = SBJsonStreamWriterState.m; sourceTree = "<group>"; };
		03AD100414DBCE0800D9573D /* SBJsonTokeniser.h */ = {isa = PBXFileReference; fileEncoding = 4; lastKnownFileType = sourcecode.c.h; path = SBJsonTokeniser.h; sourceTree = "<group>"; };
		03AD100514DBCE0800D9573D /* SBJsonTokeniser.m */ = {isa = PBXFileReference; fileEncoding = 4; lastKnownFileType = sourcecode.c.objc; path = SBJsonTokeniser.m; sourceTree = "<group>"; };
		03AD100614DBCE0800D9573D /* SBJsonUTF8Stream.h */ = {isa = PBXFileReference; fileEncoding = 4; lastKnownFileType = sourcecode.c.h; path = SBJsonUTF8Stream.h; sourceTree = "<group>"; };
		03AD100714DBCE0800D9573D /* SBJsonUTF8Stream.m */ = {isa = PBXFileReference; fileEncoding = 4; lastKnownFileType = sourcecode.c.objc; path = SBJsonUTF8Stream.m; sourceTree = "<group>"; };
		03AD100814DBCE0800D9573D /* SBJsonWriter.h */ = {isa = PBXFileReference; fileEncoding = 4; lastKnownFileType = sourcecode.c.h; path = SBJsonWriter.h; sourceTree = "<group>"; };
		03AD100914DBCE0800D9573D /* SBJsonWriter.m */ = {isa = PBXFileReference; fileEncoding = 4; lastKnownFileType = sourcecode.c.objc; path = SBJsonWriter.m; sourceTree = "<group>"; };
		03AD101914DBCF1800D9573D /* UserObject.h */ = {isa = PBXFileReference; fileEncoding = 4; lastKnownFileType = sourcecode.c.h; path = UserObject.h; sourceTree = "<group>"; };
		03AD101A14DBCF1800D9573D /* UserObject.m */ = {isa = PBXFileReference; fileEncoding = 4; lastKnownFileType = sourcecode.c.objc; path = UserObject.m; sourceTree = "<group>"; };
		03AF15C514F637A5003F1621 /* ProfileWebView.h */ = {isa = PBXFileReference; fileEncoding = 4; lastKnownFileType = sourcecode.c.h; path = ProfileWebView.h; sourceTree = "<group>"; };
		03AF15C614F637A6003F1621 /* ProfileWebView.m */ = {isa = PBXFileReference; fileEncoding = 4; lastKnownFileType = sourcecode.c.objc; path = ProfileWebView.m; sourceTree = "<group>"; };
		03BB027C14F902E300AFC6BC /* cover_temp.jpg */ = {isa = PBXFileReference; lastKnownFileType = image.jpeg; path = cover_temp.jpg; sourceTree = "<group>"; };
		03FDD10D14D4534D006E453A /* FeedDetailViewController.h */ = {isa = PBXFileReference; fileEncoding = 4; lastKnownFileType = sourcecode.c.h; path = FeedDetailViewController.h; sourceTree = "<group>"; };
		03FDD10E14D4534D006E453A /* FeedDetailViewController.m */ = {isa = PBXFileReference; fileEncoding = 4; lastKnownFileType = sourcecode.c.objc; path = FeedDetailViewController.m; sourceTree = "<group>"; };
/* End PBXFileReference section */

/* Begin PBXFrameworksBuildPhase section */
		039F63F214C5CEE6002EC78F /* Frameworks */ = {
			isa = PBXFrameworksBuildPhase;
			buildActionMask = 2147483647;
			files = (
				039B583414D67C6600E5212C /* MapKit.framework in Frameworks */,
				039B583214D67C2100E5212C /* CoreLocation.framework in Frameworks */,
				0309901A14CB31DD00715F5A /* QuartzCore.framework in Frameworks */,
				039F63FA14C5CEE6002EC78F /* UIKit.framework in Frameworks */,
				039F63FC14C5CEE6002EC78F /* Foundation.framework in Frameworks */,
				039F63FE14C5CEE6002EC78F /* CoreGraphics.framework in Frameworks */,
			);
			runOnlyForDeploymentPostprocessing = 0;
		};
/* End PBXFrameworksBuildPhase section */

/* Begin PBXGroup section */
		0300E6D714D1A93100611039 /* Classes */ = {
			isa = PBXGroup;
			children = (
				0300E6D814D1A93100611039 /* AppDelegate.h */,
				0300E6D914D1A93100611039 /* AppDelegate.m */,
				031CA4EF14EF57840015D2AC /* ImTravelingViewController.h */,
				031CA4F014EF57840015D2AC /* ImTravelingViewController.m */,
				035FDEAE14F0F50B002A2D1B /* ImTravelingWebView.h */,
				035FDEAF14F0F50B002A2D1B /* ImTravelingWebView.m */,
				0300E70314D1A93100611039 /* UIWebViewController.h */,
				0300E70414D1A93100611039 /* UIWebViewController.m */,
				0300E6FB14D1A93100611039 /* UIPullDownWebViewController.h */,
				0300E6FC14D1A93100611039 /* UIPullDownWebViewController.m */,
				0300E6DA14D1A93100611039 /* EGORefreshTableHeaderView.h */,
				0300E6DB14D1A93100611039 /* EGORefreshTableHeaderView.m */,
				03AD0FEB14DB3AEE00D9573D /* Utils.h */,
				03AD0FEC14DB3AEE00D9573D /* Utils.m */,
				0300E72014D23E6A00611039 /* Views */,
				0300E71D14D23E6A00611039 /* Managers */,
				03508C7714D95F340057D723 /* Objects */,
				03AD0FEF14DBCE0800D9573D /* SBJSON */,
			);
			path = Classes;
			sourceTree = "<group>";
		};
		0300E71D14D23E6A00611039 /* Managers */ = {
			isa = PBXGroup;
			children = (
				0300E71E14D23E6A00611039 /* SettingsManager.h */,
				0300E71F14D23E6A00611039 /* SettingsManager.m */,
			);
			path = Managers;
			sourceTree = "<group>";
		};
		0300E72014D23E6A00611039 /* Views */ = {
			isa = PBXGroup;
			children = (
				0300E72114D23E6B00611039 /* FeedListViewController.h */,
				0300E72214D23E6B00611039 /* FeedListViewController.m */,
				039B582B14D67B2400E5212C /* MapViewController.h */,
				039B582C14D67B2400E5212C /* MapViewController.m */,
				03FDD10D14D4534D006E453A /* FeedDetailViewController.h */,
				03FDD10E14D4534D006E453A /* FeedDetailViewController.m */,
				0371752A14EFE0B8006E8EE8 /* FeedDetailWebView.h */,
				0371752B14EFE0B8006E8EE8 /* FeedDetailWebView.m */,
				0300E72714D23E6B00611039 /* ShareViewController.h */,
				0300E72814D23E6B00611039 /* ShareViewController.m */,
				0300E72314D23E6B00611039 /* ProfileViewController.h */,
				0300E72414D23E6B00611039 /* ProfileViewController.m */,
				03AF15C514F637A5003F1621 /* ProfileWebView.h */,
				03AF15C614F637A6003F1621 /* ProfileWebView.m */,
				0300E72514D23E6B00611039 /* RegionViewController.h */,
				0300E72614D23E6B00611039 /* RegionViewController.m */,
				0356C0BA14E3BB9F005B099E /* FeedLineAnnotationView.h */,
				0356C0BB14E3BBA0005B099E /* FeedLineAnnotationView.m */,
			);
			path = Views;
			sourceTree = "<group>";
		};
		0311F6EB14E43AAC0081B74E /* ui */ = {
			isa = PBXGroup;
			children = (
				0311F6EC14E43AAC0081B74E /* BlueArrow.png */,
				0311F6ED14E43AAC0081B74E /* BlueArrow@2x.png */,
				0311F6EE14E43AAC0081B74E /* button_all.png */,
				0311F6EF14E43AAC0081B74E /* button_all@2x.png */,
				0311F6F014E43AAC0081B74E /* button_all_selected.png */,
				0311F6F114E43AAC0081B74E /* button_all_selected@2x.png */,
				0311F6F214E43AAC0081B74E /* button_back.png */,
				0311F6F314E43AAC0081B74E /* button_back@2x.png */,
				0311F6F414E43AAC0081B74E /* button_following.png */,
				0311F6F514E43AAC0081B74E /* button_following@2x.png */,
				0311F6F614E43AAC0081B74E /* button_following_click.png */,
				0311F6F714E43AAC0081B74E /* button_following_click@2x.png */,
				0311F6F814E43AAC0081B74E /* button_following_selected.png */,
				0311F6F914E43AAC0081B74E /* button_following_selected@2x.png */,
				0311F6FA14E43AAC0081B74E /* button_gps.png */,
				0311F6FB14E43AAC0081B74E /* button_gps@2x.png */,
				0311F6FC14E43AAC0081B74E /* button_list.png */,
				0311F6FD14E43AAC0081B74E /* button_list@2x.png */,
				0311F6FE14E43AAC0081B74E /* button_map.png */,
				0311F6FF14E43AAC0081B74E /* button_map@2x.png */,
				0311F70014E43AAC0081B74E /* button_new.png */,
				0311F70114E43AAC0081B74E /* button_new@2x.png */,
				0311F70214E43AAC0081B74E /* button_new_selected.png */,
				0311F70314E43AAC0081B74E /* button_new_selected@2x.png */,
				0311F70414E43AAC0081B74E /* button_popular.png */,
				0311F70514E43AAC0081B74E /* button_popular@2x.png */,
				0311F70614E43AAC0081B74E /* button_popular_selected.png */,
				0311F70714E43AAC0081B74E /* button_popular_selected@2x.png */,
				0311F70814E43AAC0081B74E /* button_region.png */,
				0311F70914E43AAC0081B74E /* button_region@2x.png */,
				0311F70A14E43AAC0081B74E /* navigation_bar.png */,
				0311F70B14E43AAC0081B74E /* navigation_bar@2x.png */,
				0311F70C14E43AAC0081B74E /* tab_bar.png */,
				0311F70D14E43AAC0081B74E /* tab_bar@2x.png */,
				0311F70E14E43AAC0081B74E /* tab_feed.png */,
				0311F70F14E43AAC0081B74E /* tab_feed@2x.png */,
				0311F71014E43AAC0081B74E /* tab_people.png */,
				0311F71114E43AAC0081B74E /* tab_people@2x.png */,
				0311F71214E43AAC0081B74E /* tab_profile.png */,
				0311F71314E43AAC0081B74E /* tab_profile@2x.png */,
				0311F71414E43AAC0081B74E /* tab_share.png */,
				0311F71514E43AAC0081B74E /* tab_share@2x.png */,
				0311F71614E43AAC0081B74E /* tab_trip.png */,
				0311F71714E43AAC0081B74E /* tab_trip@2x.png */,
			);
			path = ui;
			sourceTree = "<group>";
		};
		03266C3A14C67BB800B4A447 /* Resources */ = {
			isa = PBXGroup;
			children = (
				03BB027C14F902E300AFC6BC /* cover_temp.jpg */,
				0311F6EB14E43AAC0081B74E /* ui */,
			);
			path = Resources;
			sourceTree = "<group>";
		};
		03508C7714D95F340057D723 /* Objects */ = {
			isa = PBXGroup;
			children = (
				031CA4F314EFA76A0015D2AC /* FeedObject.h */,
				031CA4F414EFA76A0015D2AC /* FeedObject.m */,
				03AD101914DBCF1800D9573D /* UserObject.h */,
				03AD101A14DBCF1800D9573D /* UserObject.m */,
				0356C0B714E3BABF005B099E /* FeedLineAnnotation.h */,
				0356C0B814E3BABF005B099E /* FeedLineAnnotation.m */,
				036580AC14F4DE9D00B82FF7 /* LoadingQueue.h */,
				036580AD14F4DE9D00B82FF7 /* LoadingQueue.m */,
			);
			path = Objects;
			sourceTree = "<group>";
		};
		039F63EA14C5CEE6002EC78F = {
			isa = PBXGroup;
			children = (
				03266C1514C668B200B4A447 /* www */,
				039F63FF14C5CEE6002EC78F /* I'm Traveling */,
				03266C3A14C67BB800B4A447 /* Resources */,
				039F63F814C5CEE6002EC78F /* Frameworks */,
				039F63F614C5CEE6002EC78F /* Products */,
			);
			sourceTree = "<group>";
		};
		039F63F614C5CEE6002EC78F /* Products */ = {
			isa = PBXGroup;
			children = (
				039F63F514C5CEE6002EC78F /* I'm Traveling.app */,
			);
			name = Products;
			sourceTree = "<group>";
		};
		039F63F814C5CEE6002EC78F /* Frameworks */ = {
			isa = PBXGroup;
			children = (
				039B583314D67C6600E5212C /* MapKit.framework */,
				039B583114D67C2100E5212C /* CoreLocation.framework */,
				0309901914CB31DD00715F5A /* QuartzCore.framework */,
				039F63F914C5CEE6002EC78F /* UIKit.framework */,
				039F63FB14C5CEE6002EC78F /* Foundation.framework */,
				039F63FD14C5CEE6002EC78F /* CoreGraphics.framework */,
			);
			name = Frameworks;
			sourceTree = "<group>";
		};
		039F63FF14C5CEE6002EC78F /* I'm Traveling */ = {
			isa = PBXGroup;
			children = (
				0300E6D714D1A93100611039 /* Classes */,
				039F640014C5CEE6002EC78F /* Supporting Files */,
			);
			path = "I'm Traveling";
			sourceTree = "<group>";
		};
		039F640014C5CEE6002EC78F /* Supporting Files */ = {
			isa = PBXGroup;
			children = (
				0300E67214D133BF00611039 /* Const.h */,
				039F640114C5CEE6002EC78F /* I'm Traveling-Info.plist */,
				039F640214C5CEE6002EC78F /* InfoPlist.strings */,
				039F640514C5CEE6002EC78F /* main.m */,
				039F640714C5CEE6002EC78F /* I'm Traveling-Prefix.pch */,
			);
			name = "Supporting Files";
			sourceTree = "<group>";
		};
		03AD0FEF14DBCE0800D9573D /* SBJSON */ = {
			isa = PBXGroup;
			children = (
				03AD0FF014DBCE0800D9573D /* JSON.h */,
				03AD0FF114DBCE0800D9573D /* NSObject+SBJson.h */,
				03AD0FF214DBCE0800D9573D /* NSObject+SBJson.m */,
				03AD0FF314DBCE0800D9573D /* SBJson.h */,
				03AD0FF414DBCE0800D9573D /* SBJsonParser.h */,
				03AD0FF514DBCE0800D9573D /* SBJsonParser.m */,
				03AD0FF614DBCE0800D9573D /* SBJsonStreamParser.h */,
				03AD0FF714DBCE0800D9573D /* SBJsonStreamParser.m */,
				03AD0FF814DBCE0800D9573D /* SBJsonStreamParserAccumulator.h */,
				03AD0FF914DBCE0800D9573D /* SBJsonStreamParserAccumulator.m */,
				03AD0FFA14DBCE0800D9573D /* SBJsonStreamParserAdapter.h */,
				03AD0FFB14DBCE0800D9573D /* SBJsonStreamParserAdapter.m */,
				03AD0FFC14DBCE0800D9573D /* SBJsonStreamParserState.h */,
				03AD0FFD14DBCE0800D9573D /* SBJsonStreamParserState.m */,
				03AD0FFE14DBCE0800D9573D /* SBJsonStreamWriter.h */,
				03AD0FFF14DBCE0800D9573D /* SBJsonStreamWriter.m */,
				03AD100014DBCE0800D9573D /* SBJsonStreamWriterAccumulator.h */,
				03AD100114DBCE0800D9573D /* SBJsonStreamWriterAccumulator.m */,
				03AD100214DBCE0800D9573D /* SBJsonStreamWriterState.h */,
				03AD100314DBCE0800D9573D /* SBJsonStreamWriterState.m */,
				03AD100414DBCE0800D9573D /* SBJsonTokeniser.h */,
				03AD100514DBCE0800D9573D /* SBJsonTokeniser.m */,
				03AD100614DBCE0800D9573D /* SBJsonUTF8Stream.h */,
				03AD100714DBCE0800D9573D /* SBJsonUTF8Stream.m */,
				03AD100814DBCE0800D9573D /* SBJsonWriter.h */,
				03AD100914DBCE0800D9573D /* SBJsonWriter.m */,
			);
			path = SBJSON;
			sourceTree = "<group>";
		};
/* End PBXGroup section */

/* Begin PBXNativeTarget section */
		039F63F414C5CEE6002EC78F /* I'm Traveling */ = {
			isa = PBXNativeTarget;
			buildConfigurationList = 039F640D14C5CEE6002EC78F /* Build configuration list for PBXNativeTarget "I'm Traveling" */;
			buildPhases = (
				039F63F114C5CEE6002EC78F /* Sources */,
				039F63F214C5CEE6002EC78F /* Frameworks */,
				039F63F314C5CEE6002EC78F /* Resources */,
			);
			buildRules = (
			);
			dependencies = (
			);
			name = "I'm Traveling";
			productName = "I'm Traveling";
			productReference = 039F63F514C5CEE6002EC78F /* I'm Traveling.app */;
			productType = "com.apple.product-type.application";
		};
/* End PBXNativeTarget section */

/* Begin PBXProject section */
		039F63EC14C5CEE6002EC78F /* Project object */ = {
			isa = PBXProject;
			attributes = {
				LastUpgradeCheck = 0420;
				ORGANIZATIONNAME = Joyfl;
			};
			buildConfigurationList = 039F63EF14C5CEE6002EC78F /* Build configuration list for PBXProject "I'm Traveling" */;
			compatibilityVersion = "Xcode 3.2";
			developmentRegion = English;
			hasScannedForEncodings = 0;
			knownRegions = (
				en,
			);
			mainGroup = 039F63EA14C5CEE6002EC78F;
			productRefGroup = 039F63F614C5CEE6002EC78F /* Products */;
			projectDirPath = "";
			projectRoot = "";
			targets = (
				039F63F414C5CEE6002EC78F /* I'm Traveling */,
			);
		};
/* End PBXProject section */

/* Begin PBXResourcesBuildPhase section */
		039F63F314C5CEE6002EC78F /* Resources */ = {
			isa = PBXResourcesBuildPhase;
			buildActionMask = 2147483647;
			files = (
				039F640414C5CEE6002EC78F /* InfoPlist.strings in Resources */,
				03266C1614C668B200B4A447 /* www in Resources */,
				0311F71814E43AAC0081B74E /* BlueArrow.png in Resources */,
				0311F71914E43AAC0081B74E /* BlueArrow@2x.png in Resources */,
				0311F71A14E43AAC0081B74E /* button_all.png in Resources */,
				0311F71B14E43AAC0081B74E /* button_all@2x.png in Resources */,
				0311F71C14E43AAC0081B74E /* button_all_selected.png in Resources */,
				0311F71D14E43AAC0081B74E /* button_all_selected@2x.png in Resources */,
				0311F71E14E43AAC0081B74E /* button_back.png in Resources */,
				0311F71F14E43AAC0081B74E /* button_back@2x.png in Resources */,
				0311F72014E43AAC0081B74E /* button_following.png in Resources */,
				0311F72114E43AAC0081B74E /* button_following@2x.png in Resources */,
				0311F72214E43AAC0081B74E /* button_following_click.png in Resources */,
				0311F72314E43AAC0081B74E /* button_following_click@2x.png in Resources */,
				0311F72414E43AAC0081B74E /* button_following_selected.png in Resources */,
				0311F72514E43AAC0081B74E /* button_following_selected@2x.png in Resources */,
				0311F72614E43AAC0081B74E /* button_gps.png in Resources */,
				0311F72714E43AAC0081B74E /* button_gps@2x.png in Resources */,
				0311F72814E43AAC0081B74E /* button_list.png in Resources */,
				0311F72914E43AAC0081B74E /* button_list@2x.png in Resources */,
				0311F72A14E43AAC0081B74E /* button_map.png in Resources */,
				0311F72B14E43AAC0081B74E /* button_map@2x.png in Resources */,
				0311F72C14E43AAC0081B74E /* button_new.png in Resources */,
				0311F72D14E43AAC0081B74E /* button_new@2x.png in Resources */,
				0311F72E14E43AAC0081B74E /* button_new_selected.png in Resources */,
				0311F72F14E43AAC0081B74E /* button_new_selected@2x.png in Resources */,
				0311F73014E43AAC0081B74E /* button_popular.png in Resources */,
				0311F73114E43AAC0081B74E /* button_popular@2x.png in Resources */,
				0311F73214E43AAC0081B74E /* button_popular_selected.png in Resources */,
				0311F73314E43AAC0081B74E /* button_popular_selected@2x.png in Resources */,
				0311F73414E43AAC0081B74E /* button_region.png in Resources */,
				0311F73514E43AAC0081B74E /* button_region@2x.png in Resources */,
				0311F73614E43AAC0081B74E /* navigation_bar.png in Resources */,
				0311F73714E43AAC0081B74E /* navigation_bar@2x.png in Resources */,
				0311F73814E43AAC0081B74E /* tab_bar.png in Resources */,
				0311F73914E43AAC0081B74E /* tab_bar@2x.png in Resources */,
				0311F73A14E43AAC0081B74E /* tab_feed.png in Resources */,
				0311F73B14E43AAC0081B74E /* tab_feed@2x.png in Resources */,
				0311F73C14E43AAC0081B74E /* tab_people.png in Resources */,
				0311F73D14E43AAC0081B74E /* tab_people@2x.png in Resources */,
				0311F73E14E43AAC0081B74E /* tab_profile.png in Resources */,
				0311F73F14E43AAC0081B74E /* tab_profile@2x.png in Resources */,
				0311F74014E43AAC0081B74E /* tab_share.png in Resources */,
				0311F74114E43AAC0081B74E /* tab_share@2x.png in Resources */,
				0311F74214E43AAC0081B74E /* tab_trip.png in Resources */,
				0311F74314E43AAC0081B74E /* tab_trip@2x.png in Resources */,
				03BB027D14F902E300AFC6BC /* cover_temp.jpg in Resources */,
			);
			runOnlyForDeploymentPostprocessing = 0;
		};
/* End PBXResourcesBuildPhase section */

/* Begin PBXSourcesBuildPhase section */
		039F63F114C5CEE6002EC78F /* Sources */ = {
			isa = PBXSourcesBuildPhase;
			buildActionMask = 2147483647;
			files = (
				039F640614C5CEE6002EC78F /* main.m in Sources */,
				0300E70714D1A93100611039 /* AppDelegate.m in Sources */,
				0300E70814D1A93100611039 /* EGORefreshTableHeaderView.m in Sources */,
				0300E71714D1A93100611039 /* UIPullDownWebViewController.m in Sources */,
				0300E71B14D1A93100611039 /* UIWebViewController.m in Sources */,
				0300E72914D23E6B00611039 /* SettingsManager.m in Sources */,
				0300E72A14D23E6B00611039 /* FeedListViewController.m in Sources */,
				0300E72B14D23E6B00611039 /* ProfileViewController.m in Sources */,
				0300E72C14D23E6B00611039 /* RegionViewController.m in Sources */,
				0300E72D14D23E6B00611039 /* ShareViewController.m in Sources */,
				03FDD10F14D4534D006E453A /* FeedDetailViewController.m in Sources */,
				039B582D14D67B2400E5212C /* MapViewController.m in Sources */,
				03AD0FED14DB3AEE00D9573D /* Utils.m in Sources */,
				03AD100A14DBCE0800D9573D /* NSObject+SBJson.m in Sources */,
				03AD100B14DBCE0800D9573D /* SBJsonParser.m in Sources */,
				03AD100C14DBCE0800D9573D /* SBJsonStreamParser.m in Sources */,
				03AD100D14DBCE0800D9573D /* SBJsonStreamParserAccumulator.m in Sources */,
				03AD100E14DBCE0800D9573D /* SBJsonStreamParserAdapter.m in Sources */,
				03AD100F14DBCE0800D9573D /* SBJsonStreamParserState.m in Sources */,
				03AD101014DBCE0800D9573D /* SBJsonStreamWriter.m in Sources */,
				03AD101114DBCE0800D9573D /* SBJsonStreamWriterAccumulator.m in Sources */,
				03AD101214DBCE0800D9573D /* SBJsonStreamWriterState.m in Sources */,
				03AD101314DBCE0800D9573D /* SBJsonTokeniser.m in Sources */,
				03AD101414DBCE0800D9573D /* SBJsonUTF8Stream.m in Sources */,
				03AD101514DBCE0800D9573D /* SBJsonWriter.m in Sources */,
				03AD101B14DBCF1800D9573D /* UserObject.m in Sources */,
				0356C0B914E3BABF005B099E /* FeedLineAnnotation.m in Sources */,
				0356C0BC14E3BBA0005B099E /* FeedLineAnnotationView.m in Sources */,
				031CA4F114EF57850015D2AC /* ImTravelingViewController.m in Sources */,
				031CA4F514EFA76A0015D2AC /* FeedObject.m in Sources */,
				0371752C14EFE0B8006E8EE8 /* FeedDetailWebView.m in Sources */,
				035FDEB014F0F50B002A2D1B /* ImTravelingWebView.m in Sources */,
				036580AE14F4DE9D00B82FF7 /* LoadingQueue.m in Sources */,
				03AF15C714F637A6003F1621 /* ProfileWebView.m in Sources */,
			);
			runOnlyForDeploymentPostprocessing = 0;
		};
/* End PBXSourcesBuildPhase section */

/* Begin PBXVariantGroup section */
		039F640214C5CEE6002EC78F /* InfoPlist.strings */ = {
			isa = PBXVariantGroup;
			children = (
				039F640314C5CEE6002EC78F /* en */,
			);
			name = InfoPlist.strings;
			sourceTree = "<group>";
		};
/* End PBXVariantGroup section */

/* Begin XCBuildConfiguration section */
		039F640B14C5CEE6002EC78F /* Debug */ = {
			isa = XCBuildConfiguration;
			buildSettings = {
				ALWAYS_SEARCH_USER_PATHS = NO;
				ARCHS = "$(ARCHS_STANDARD_32_BIT)";
				"CODE_SIGN_IDENTITY[sdk=iphoneos*]" = "iPhone Developer";
				COPY_PHASE_STRIP = NO;
				GCC_C_LANGUAGE_STANDARD = gnu99;
				GCC_DYNAMIC_NO_PIC = NO;
				GCC_OPTIMIZATION_LEVEL = 0;
				GCC_PREPROCESSOR_DEFINITIONS = (
					"DEBUG=1",
					"$(inherited)",
				);
				GCC_SYMBOLS_PRIVATE_EXTERN = NO;
				GCC_VERSION = "";
				GCC_WARN_ABOUT_MISSING_PROTOTYPES = YES;
				GCC_WARN_ABOUT_RETURN_TYPE = YES;
				GCC_WARN_UNUSED_VARIABLE = YES;
				IPHONEOS_DEPLOYMENT_TARGET = 5.0;
				SDKROOT = iphoneos;
			};
			name = Debug;
		};
		039F640C14C5CEE6002EC78F /* Release */ = {
			isa = XCBuildConfiguration;
			buildSettings = {
				ALWAYS_SEARCH_USER_PATHS = NO;
				ARCHS = "$(ARCHS_STANDARD_32_BIT)";
				"CODE_SIGN_IDENTITY[sdk=iphoneos*]" = "iPhone Developer";
				COPY_PHASE_STRIP = YES;
				GCC_C_LANGUAGE_STANDARD = gnu99;
				GCC_VERSION = "";
				GCC_WARN_ABOUT_MISSING_PROTOTYPES = YES;
				GCC_WARN_ABOUT_RETURN_TYPE = YES;
				GCC_WARN_UNUSED_VARIABLE = YES;
				IPHONEOS_DEPLOYMENT_TARGET = 5.0;
				OTHER_CFLAGS = "-DNS_BLOCK_ASSERTIONS=1";
				SDKROOT = iphoneos;
				VALIDATE_PRODUCT = YES;
			};
			name = Release;
		};
		039F640E14C5CEE6002EC78F /* Debug */ = {
			isa = XCBuildConfiguration;
			buildSettings = {
				GCC_PRECOMPILE_PREFIX_HEADER = YES;
				GCC_PREFIX_HEADER = "I'm Traveling/I'm Traveling-Prefix.pch";
				INFOPLIST_FILE = "I'm Traveling/I'm Traveling-Info.plist";
				IPHONEOS_DEPLOYMENT_TARGET = 5.0;
				PRODUCT_NAME = "$(TARGET_NAME)";
				TARGETED_DEVICE_FAMILY = 1;
				WRAPPER_EXTENSION = app;
			};
			name = Debug;
		};
		039F640F14C5CEE6002EC78F /* Release */ = {
			isa = XCBuildConfiguration;
			buildSettings = {
				GCC_PRECOMPILE_PREFIX_HEADER = YES;
				GCC_PREFIX_HEADER = "I'm Traveling/I'm Traveling-Prefix.pch";
				INFOPLIST_FILE = "I'm Traveling/I'm Traveling-Info.plist";
				IPHONEOS_DEPLOYMENT_TARGET = 5.0;
				PRODUCT_NAME = "$(TARGET_NAME)";
				TARGETED_DEVICE_FAMILY = 1;
				WRAPPER_EXTENSION = app;
			};
			name = Release;
		};
/* End XCBuildConfiguration section */

/* Begin XCConfigurationList section */
		039F63EF14C5CEE6002EC78F /* Build configuration list for PBXProject "I'm Traveling" */ = {
			isa = XCConfigurationList;
			buildConfigurations = (
				039F640B14C5CEE6002EC78F /* Debug */,
				039F640C14C5CEE6002EC78F /* Release */,
			);
			defaultConfigurationIsVisible = 0;
			defaultConfigurationName = Release;
		};
		039F640D14C5CEE6002EC78F /* Build configuration list for PBXNativeTarget "I'm Traveling" */ = {
			isa = XCConfigurationList;
			buildConfigurations = (
				039F640E14C5CEE6002EC78F /* Debug */,
				039F640F14C5CEE6002EC78F /* Release */,
			);
			defaultConfigurationIsVisible = 0;
			defaultConfigurationName = Release;
		};
/* End XCConfigurationList section */
	};
	rootObject = 039F63EC14C5CEE6002EC78F /* Project object */;
}
