// !$*UTF8*$!
{
	archiveVersion = 1;
	classes = {
	};
	objectVersion = 46;
	objects = {

/* Begin PBXBuildFile section */
		0300E6C314D18B7F00611039 /* BlueArrow.png in Resources */ = {isa = PBXBuildFile; fileRef = 0300E6AF14D18B7F00611039 /* BlueArrow.png */; };
		0300E6C414D18B7F00611039 /* BlueArrow@2x.png in Resources */ = {isa = PBXBuildFile; fileRef = 0300E6B014D18B7F00611039 /* BlueArrow@2x.png */; };
		0300E6C514D18B7F00611039 /* button_following.png in Resources */ = {isa = PBXBuildFile; fileRef = 0300E6B114D18B7F00611039 /* button_following.png */; };
		0300E6C614D18B7F00611039 /* button_following@2x.png in Resources */ = {isa = PBXBuildFile; fileRef = 0300E6B214D18B7F00611039 /* button_following@2x.png */; };
		0300E6C714D18B7F00611039 /* button_following_selected.png in Resources */ = {isa = PBXBuildFile; fileRef = 0300E6B314D18B7F00611039 /* button_following_selected.png */; };
		0300E6C814D18B7F00611039 /* button_following_selected@2x.png in Resources */ = {isa = PBXBuildFile; fileRef = 0300E6B414D18B7F00611039 /* button_following_selected@2x.png */; };
		0300E6C914D18B7F00611039 /* button_map.png in Resources */ = {isa = PBXBuildFile; fileRef = 0300E6B514D18B7F00611039 /* button_map.png */; };
		0300E6CA14D18B7F00611039 /* button_map@2x.png in Resources */ = {isa = PBXBuildFile; fileRef = 0300E6B614D18B7F00611039 /* button_map@2x.png */; };
		0300E6CB14D18B7F00611039 /* button_new.png in Resources */ = {isa = PBXBuildFile; fileRef = 0300E6B714D18B7F00611039 /* button_new.png */; };
		0300E6CC14D18B7F00611039 /* button_new@2x.png in Resources */ = {isa = PBXBuildFile; fileRef = 0300E6B814D18B7F00611039 /* button_new@2x.png */; };
		0300E6CD14D18B7F00611039 /* button_new_selected.png in Resources */ = {isa = PBXBuildFile; fileRef = 0300E6B914D18B7F00611039 /* button_new_selected.png */; };
		0300E6CE14D18B7F00611039 /* button_new_selected@2x.png in Resources */ = {isa = PBXBuildFile; fileRef = 0300E6BA14D18B7F00611039 /* button_new_selected@2x.png */; };
		0300E6CF14D18B7F00611039 /* button_popular.png in Resources */ = {isa = PBXBuildFile; fileRef = 0300E6BB14D18B7F00611039 /* button_popular.png */; };
		0300E6D014D18B7F00611039 /* button_popular@2x.png in Resources */ = {isa = PBXBuildFile; fileRef = 0300E6BC14D18B7F00611039 /* button_popular@2x.png */; };
		0300E6D114D18B7F00611039 /* button_popular_selected.png in Resources */ = {isa = PBXBuildFile; fileRef = 0300E6BD14D18B7F00611039 /* button_popular_selected.png */; };
		0300E6D214D18B7F00611039 /* button_popular_selected@2x.png in Resources */ = {isa = PBXBuildFile; fileRef = 0300E6BE14D18B7F00611039 /* button_popular_selected@2x.png */; };
		0300E6D314D18B7F00611039 /* button_region.png in Resources */ = {isa = PBXBuildFile; fileRef = 0300E6BF14D18B7F00611039 /* button_region.png */; };
		0300E6D414D18B7F00611039 /* button_region@2x.png in Resources */ = {isa = PBXBuildFile; fileRef = 0300E6C014D18B7F00611039 /* button_region@2x.png */; };
		0300E6D514D18B7F00611039 /* navigation_bar.png in Resources */ = {isa = PBXBuildFile; fileRef = 0300E6C114D18B7F00611039 /* navigation_bar.png */; };
		0300E6D614D18B7F00611039 /* navigation_bar@2x.png in Resources */ = {isa = PBXBuildFile; fileRef = 0300E6C214D18B7F00611039 /* navigation_bar@2x.png */; };
		0300E70714D1A93100611039 /* AppDelegate.m in Sources */ = {isa = PBXBuildFile; fileRef = 0300E6D914D1A93100611039 /* AppDelegate.m */; };
		0300E70814D1A93100611039 /* EGORefreshTableHeaderView.m in Sources */ = {isa = PBXBuildFile; fileRef = 0300E6DB14D1A93100611039 /* EGORefreshTableHeaderView.m */; };
		0300E71714D1A93100611039 /* UIPullDownWebViewController.m in Sources */ = {isa = PBXBuildFile; fileRef = 0300E6FC14D1A93100611039 /* UIPullDownWebViewController.m */; };
		0300E71B14D1A93100611039 /* UIWebViewController.m in Sources */ = {isa = PBXBuildFile; fileRef = 0300E70414D1A93100611039 /* UIWebViewController.m */; };
		0300E72914D23E6B00611039 /* SettingsManager.m in Sources */ = {isa = PBXBuildFile; fileRef = 0300E71F14D23E6A00611039 /* SettingsManager.m */; };
		0300E72A14D23E6B00611039 /* FeedListViewController.m in Sources */ = {isa = PBXBuildFile; fileRef = 0300E72214D23E6B00611039 /* FeedListViewController.m */; };
		0300E72B14D23E6B00611039 /* ProfileViewController.m in Sources */ = {isa = PBXBuildFile; fileRef = 0300E72414D23E6B00611039 /* ProfileViewController.m */; };
		0300E72C14D23E6B00611039 /* RegionViewController.m in Sources */ = {isa = PBXBuildFile; fileRef = 0300E72614D23E6B00611039 /* RegionViewController.m */; };
		0300E72D14D23E6B00611039 /* ShareViewController.m in Sources */ = {isa = PBXBuildFile; fileRef = 0300E72814D23E6B00611039 /* ShareViewController.m */; };
		0309901A14CB31DD00715F5A /* QuartzCore.framework in Frameworks */ = {isa = PBXBuildFile; fileRef = 0309901914CB31DD00715F5A /* QuartzCore.framework */; };
		03266C1614C668B200B4A447 /* www in Resources */ = {isa = PBXBuildFile; fileRef = 03266C1514C668B200B4A447 /* www */; };
		03508C7B14D95FC90057D723 /* FeedMarker.m in Sources */ = {isa = PBXBuildFile; fileRef = 03508C7A14D95FC90057D723 /* FeedMarker.m */; };
		037BD98414D57274008B325C /* tab_bar.png in Resources */ = {isa = PBXBuildFile; fileRef = 037BD97814D57274008B325C /* tab_bar.png */; };
		037BD98514D57274008B325C /* tab_bar@2x.png in Resources */ = {isa = PBXBuildFile; fileRef = 037BD97914D57274008B325C /* tab_bar@2x.png */; };
		037BD98614D57274008B325C /* tab_feed.png in Resources */ = {isa = PBXBuildFile; fileRef = 037BD97A14D57274008B325C /* tab_feed.png */; };
		037BD98714D57274008B325C /* tab_feed@2x.png in Resources */ = {isa = PBXBuildFile; fileRef = 037BD97B14D57274008B325C /* tab_feed@2x.png */; };
		037BD98814D57274008B325C /* tab_people.png in Resources */ = {isa = PBXBuildFile; fileRef = 037BD97C14D57274008B325C /* tab_people.png */; };
		037BD98914D57274008B325C /* tab_people@2x.png in Resources */ = {isa = PBXBuildFile; fileRef = 037BD97D14D57274008B325C /* tab_people@2x.png */; };
		037BD98A14D57274008B325C /* tab_profile.png in Resources */ = {isa = PBXBuildFile; fileRef = 037BD97E14D57274008B325C /* tab_profile.png */; };
		037BD98B14D57274008B325C /* tab_profile@2x.png in Resources */ = {isa = PBXBuildFile; fileRef = 037BD97F14D57274008B325C /* tab_profile@2x.png */; };
		037BD98C14D57274008B325C /* tab_share.png in Resources */ = {isa = PBXBuildFile; fileRef = 037BD98014D57274008B325C /* tab_share.png */; };
		037BD98D14D57274008B325C /* tab_share@2x.png in Resources */ = {isa = PBXBuildFile; fileRef = 037BD98114D57274008B325C /* tab_share@2x.png */; };
		037BD98E14D57274008B325C /* tab_trip.png in Resources */ = {isa = PBXBuildFile; fileRef = 037BD98214D57274008B325C /* tab_trip.png */; };
		037BD98F14D57274008B325C /* tab_trip@2x.png in Resources */ = {isa = PBXBuildFile; fileRef = 037BD98314D57274008B325C /* tab_trip@2x.png */; };
		039B582D14D67B2400E5212C /* MapViewController.m in Sources */ = {isa = PBXBuildFile; fileRef = 039B582C14D67B2400E5212C /* MapViewController.m */; };
		039B583214D67C2100E5212C /* CoreLocation.framework in Frameworks */ = {isa = PBXBuildFile; fileRef = 039B583114D67C2100E5212C /* CoreLocation.framework */; };
		039B583414D67C6600E5212C /* MapKit.framework in Frameworks */ = {isa = PBXBuildFile; fileRef = 039B583314D67C6600E5212C /* MapKit.framework */; };
		039F63FA14C5CEE6002EC78F /* UIKit.framework in Frameworks */ = {isa = PBXBuildFile; fileRef = 039F63F914C5CEE6002EC78F /* UIKit.framework */; };
		039F63FC14C5CEE6002EC78F /* Foundation.framework in Frameworks */ = {isa = PBXBuildFile; fileRef = 039F63FB14C5CEE6002EC78F /* Foundation.framework */; };
		039F63FE14C5CEE6002EC78F /* CoreGraphics.framework in Frameworks */ = {isa = PBXBuildFile; fileRef = 039F63FD14C5CEE6002EC78F /* CoreGraphics.framework */; };
		039F640414C5CEE6002EC78F /* InfoPlist.strings in Resources */ = {isa = PBXBuildFile; fileRef = 039F640214C5CEE6002EC78F /* InfoPlist.strings */; };
		039F640614C5CEE6002EC78F /* main.m in Sources */ = {isa = PBXBuildFile; fileRef = 039F640514C5CEE6002EC78F /* main.m */; };
		03AD0FED14DB3AEE00D9573D /* Utils.m in Sources */ = {isa = PBXBuildFile; fileRef = 03AD0FEC14DB3AEE00D9573D /* Utils.m */; };
		03AD100A14DBCE0800D9573D /* NSObject+SBJson.m in Sources */ = {isa = PBXBuildFile; fileRef = 03AD0FF214DBCE0800D9573D /* NSObject+SBJson.m */; };
		03AD100B14DBCE0800D9573D /* SBJsonParser.m in Sources */ = {isa = PBXBuildFile; fileRef = 03AD0FF514DBCE0800D9573D /* SBJsonParser.m */; };
		03AD100C14DBCE0800D9573D /* SBJsonStreamParser.m in Sources */ = {isa = PBXBuildFile; fileRef = 03AD0FF714DBCE0800D9573D /* SBJsonStreamParser.m */; };
		03AD100D14DBCE0800D9573D /* SBJsonStreamParserAccumulator.m in Sources */ = {isa = PBXBuildFile; fileRef = 03AD0FF914DBCE0800D9573D /* SBJsonStreamParserAccumulator.m */; };
		03AD100E14DBCE0800D9573D /* SBJsonStreamParserAdapter.m in Sources */ = {isa = PBXBuildFile; fileRef = 03AD0FFB14DBCE0800D9573D /* SBJsonStreamParserAdapter.m */; };
		03AD100F14DBCE0800D9573D /* SBJsonStreamParserState.m in Sources */ = {isa = PBXBuildFile; fileRef = 03AD0FFD14DBCE0800D9573D /* SBJsonStreamParserState.m */; };
		03AD101014DBCE0800D9573D /* SBJsonStreamWriter.m in Sources */ = {isa = PBXBuildFile; fileRef = 03AD0FFF14DBCE0800D9573D /* SBJsonStreamWriter.m */; };
		03AD101114DBCE0800D9573D /* SBJsonStreamWriterAccumulator.m in Sources */ = {isa = PBXBuildFile; fileRef = 03AD100114DBCE0800D9573D /* SBJsonStreamWriterAccumulator.m */; };
		03AD101214DBCE0800D9573D /* SBJsonStreamWriterState.m in Sources */ = {isa = PBXBuildFile; fileRef = 03AD100314DBCE0800D9573D /* SBJsonStreamWriterState.m */; };
		03AD101314DBCE0800D9573D /* SBJsonTokeniser.m in Sources */ = {isa = PBXBuildFile; fileRef = 03AD100514DBCE0800D9573D /* SBJsonTokeniser.m */; };
		03AD101414DBCE0800D9573D /* SBJsonUTF8Stream.m in Sources */ = {isa = PBXBuildFile; fileRef = 03AD100714DBCE0800D9573D /* SBJsonUTF8Stream.m */; };
		03AD101514DBCE0800D9573D /* SBJsonWriter.m in Sources */ = {isa = PBXBuildFile; fileRef = 03AD100914DBCE0800D9573D /* SBJsonWriter.m */; };
		03AD101814DBCEE600D9573D /* FeedObject.m in Sources */ = {isa = PBXBuildFile; fileRef = 03AD101714DBCEE600D9573D /* FeedObject.m */; };
		03AD101B14DBCF1800D9573D /* UserObject.m in Sources */ = {isa = PBXBuildFile; fileRef = 03AD101A14DBCF1800D9573D /* UserObject.m */; };
		03FDD10F14D4534D006E453A /* FeedDetailViewController.m in Sources */ = {isa = PBXBuildFile; fileRef = 03FDD10E14D4534D006E453A /* FeedDetailViewController.m */; };
		03FDD11614D465F8006E453A /* ThumbnailView.m in Sources */ = {isa = PBXBuildFile; fileRef = 03FDD11514D465F8006E453A /* ThumbnailView.m */; };
/* End PBXBuildFile section */

/* Begin PBXFileReference section */
		0300E67214D133BF00611039 /* Const.h */ = {isa = PBXFileReference; fileEncoding = 4; lastKnownFileType = sourcecode.c.h; path = Const.h; sourceTree = "<group>"; };
		0300E6AF14D18B7F00611039 /* BlueArrow.png */ = {isa = PBXFileReference; lastKnownFileType = image.png; path = BlueArrow.png; sourceTree = "<group>"; };
		0300E6B014D18B7F00611039 /* BlueArrow@2x.png */ = {isa = PBXFileReference; lastKnownFileType = image.png; path = "BlueArrow@2x.png"; sourceTree = "<group>"; };
		0300E6B114D18B7F00611039 /* button_following.png */ = {isa = PBXFileReference; lastKnownFileType = image.png; path = button_following.png; sourceTree = "<group>"; };
		0300E6B214D18B7F00611039 /* button_following@2x.png */ = {isa = PBXFileReference; lastKnownFileType = image.png; path = "button_following@2x.png"; sourceTree = "<group>"; };
		0300E6B314D18B7F00611039 /* button_following_selected.png */ = {isa = PBXFileReference; lastKnownFileType = image.png; path = button_following_selected.png; sourceTree = "<group>"; };
		0300E6B414D18B7F00611039 /* button_following_selected@2x.png */ = {isa = PBXFileReference; lastKnownFileType = image.png; path = "button_following_selected@2x.png"; sourceTree = "<group>"; };
		0300E6B514D18B7F00611039 /* button_map.png */ = {isa = PBXFileReference; lastKnownFileType = image.png; path = button_map.png; sourceTree = "<group>"; };
		0300E6B614D18B7F00611039 /* button_map@2x.png */ = {isa = PBXFileReference; lastKnownFileType = image.png; path = "button_map@2x.png"; sourceTree = "<group>"; };
		0300E6B714D18B7F00611039 /* button_new.png */ = {isa = PBXFileReference; lastKnownFileType = image.png; path = button_new.png; sourceTree = "<group>"; };
		0300E6B814D18B7F00611039 /* button_new@2x.png */ = {isa = PBXFileReference; lastKnownFileType = image.png; path = "button_new@2x.png"; sourceTree = "<group>"; };
		0300E6B914D18B7F00611039 /* button_new_selected.png */ = {isa = PBXFileReference; lastKnownFileType = image.png; path = button_new_selected.png; sourceTree = "<group>"; };
		0300E6BA14D18B7F00611039 /* button_new_selected@2x.png */ = {isa = PBXFileReference; lastKnownFileType = image.png; path = "button_new_selected@2x.png"; sourceTree = "<group>"; };
		0300E6BB14D18B7F00611039 /* button_popular.png */ = {isa = PBXFileReference; lastKnownFileType = image.png; path = button_popular.png; sourceTree = "<group>"; };
		0300E6BC14D18B7F00611039 /* button_popular@2x.png */ = {isa = PBXFileReference; lastKnownFileType = image.png; path = "button_popular@2x.png"; sourceTree = "<group>"; };
		0300E6BD14D18B7F00611039 /* button_popular_selected.png */ = {isa = PBXFileReference; lastKnownFileType = image.png; path = button_popular_selected.png; sourceTree = "<group>"; };
		0300E6BE14D18B7F00611039 /* button_popular_selected@2x.png */ = {isa = PBXFileReference; lastKnownFileType = image.png; path = "button_popular_selected@2x.png"; sourceTree = "<group>"; };
		0300E6BF14D18B7F00611039 /* button_region.png */ = {isa = PBXFileReference; lastKnownFileType = image.png; path = button_region.png; sourceTree = "<group>"; };
		0300E6C014D18B7F00611039 /* button_region@2x.png */ = {isa = PBXFileReference; lastKnownFileType = image.png; path = "button_region@2x.png"; sourceTree = "<group>"; };
		0300E6C114D18B7F00611039 /* navigation_bar.png */ = {isa = PBXFileReference; lastKnownFileType = image.png; path = navigation_bar.png; sourceTree = "<group>"; };
		0300E6C214D18B7F00611039 /* navigation_bar@2x.png */ = {isa = PBXFileReference; lastKnownFileType = image.png; path = "navigation_bar@2x.png"; sourceTree = "<group>"; };
		0300E6D814D1A93100611039 /* AppDelegate.h */ = {isa = PBXFileReference; fileEncoding = 4; lastKnownFileType = sourcecode.c.h; path = AppDelegate.h; sourceTree = "<group>"; };
		0300E6D914D1A93100611039 /* AppDelegate.m */ = {isa = PBXFileReference; fileEncoding = 4; lastKnownFileType = sourcecode.c.objc; path = AppDelegate.m; sourceTree = "<group>"; };
		0300E6DA14D1A93100611039 /* EGORefreshTableHeaderView.h */ = {isa = PBXFileReference; fileEncoding = 4; lastKnownFileType = sourcecode.c.h; path = EGORefreshTableHeaderView.h; sourceTree = "<group>"; };
		0300E6DB14D1A93100611039 /* EGORefreshTableHeaderView.m */ = {isa = PBXFileReference; fileEncoding = 4; lastKnownFileType = sourcecode.c.objc; path = EGORefreshTableHeaderView.m; sourceTree = "<group>"; };
		0300E6FB14D1A93100611039 /* UIPullDownWebViewController.h */ = {isa = PBXFileReference; fileEncoding = 4; lastKnownFileType = sourcecode.c.h; path = UIPullDownWebViewController.h; sourceTree = "<group>"; };
		0300E6FC14D1A93100611039 /* UIPullDownWebViewController.m */ = {isa = PBXFileReference; fileEncoding = 4; lastKnownFileType = sourcecode.c.objc; path = UIPullDownWebViewController.m; sourceTree = "<group>"; };
		0300E70314D1A93100611039 /* UIWebViewController.h */ = {isa = PBXFileReference; fileEncoding = 4; lastKnownFileType = sourcecode.c.h; path = UIWebViewController.h; sourceTree = "<group>"; };
		0300E70414D1A93100611039 /* UIWebViewController.m */ = {isa = PBXFileReference; fileEncoding = 4; lastKnownFileType = sourcecode.c.objc; path = UIWebViewController.m; sourceTree = "<group>"; };
		0300E71E14D23E6A00611039 /* SettingsManager.h */ = {isa = PBXFileReference; fileEncoding = 4; lastKnownFileType = sourcecode.c.h; path = SettingsManager.h; sourceTree = "<group>"; };
		0300E71F14D23E6A00611039 /* SettingsManager.m */ = {isa = PBXFileReference; fileEncoding = 4; lastKnownFileType = sourcecode.c.objc; path = SettingsManager.m; sourceTree = "<group>"; };
		0300E72114D23E6B00611039 /* FeedListViewController.h */ = {isa = PBXFileReference; fileEncoding = 4; lastKnownFileType = sourcecode.c.h; path = FeedListViewController.h; sourceTree = "<group>"; };
		0300E72214D23E6B00611039 /* FeedListViewController.m */ = {isa = PBXFileReference; fileEncoding = 4; lastKnownFileType = sourcecode.c.objc; path = FeedListViewController.m; sourceTree = "<group>"; };
		0300E72314D23E6B00611039 /* ProfileViewController.h */ = {isa = PBXFileReference; fileEncoding = 4; lastKnownFileType = sourcecode.c.h; path = ProfileViewController.h; sourceTree = "<group>"; };
		0300E72414D23E6B00611039 /* ProfileViewController.m */ = {isa = PBXFileReference; fileEncoding = 4; lastKnownFileType = sourcecode.c.objc; path = ProfileViewController.m; sourceTree = "<group>"; };
		0300E72514D23E6B00611039 /* RegionViewController.h */ = {isa = PBXFileReference; fileEncoding = 4; lastKnownFileType = sourcecode.c.h; path = RegionViewController.h; sourceTree = "<group>"; };
		0300E72614D23E6B00611039 /* RegionViewController.m */ = {isa = PBXFileReference; fileEncoding = 4; lastKnownFileType = sourcecode.c.objc; path = RegionViewController.m; sourceTree = "<group>"; };
		0300E72714D23E6B00611039 /* ShareViewController.h */ = {isa = PBXFileReference; fileEncoding = 4; lastKnownFileType = sourcecode.c.h; path = ShareViewController.h; sourceTree = "<group>"; };
		0300E72814D23E6B00611039 /* ShareViewController.m */ = {isa = PBXFileReference; fileEncoding = 4; lastKnownFileType = sourcecode.c.objc; path = ShareViewController.m; sourceTree = "<group>"; };
		0309901914CB31DD00715F5A /* QuartzCore.framework */ = {isa = PBXFileReference; lastKnownFileType = wrapper.framework; name = QuartzCore.framework; path = System/Library/Frameworks/QuartzCore.framework; sourceTree = SDKROOT; };
		03266C1514C668B200B4A447 /* www */ = {isa = PBXFileReference; lastKnownFileType = folder; path = www; sourceTree = "<group>"; };
		03508C7914D95FC90057D723 /* FeedMarker.h */ = {isa = PBXFileReference; fileEncoding = 4; lastKnownFileType = sourcecode.c.h; path = FeedMarker.h; sourceTree = "<group>"; };
		03508C7A14D95FC90057D723 /* FeedMarker.m */ = {isa = PBXFileReference; fileEncoding = 4; lastKnownFileType = sourcecode.c.objc; path = FeedMarker.m; sourceTree = "<group>"; };
		037BD97814D57274008B325C /* tab_bar.png */ = {isa = PBXFileReference; lastKnownFileType = image.png; path = tab_bar.png; sourceTree = "<group>"; };
		037BD97914D57274008B325C /* tab_bar@2x.png */ = {isa = PBXFileReference; lastKnownFileType = image.png; path = "tab_bar@2x.png"; sourceTree = "<group>"; };
		037BD97A14D57274008B325C /* tab_feed.png */ = {isa = PBXFileReference; lastKnownFileType = image.png; path = tab_feed.png; sourceTree = "<group>"; };
		037BD97B14D57274008B325C /* tab_feed@2x.png */ = {isa = PBXFileReference; lastKnownFileType = image.png; path = "tab_feed@2x.png"; sourceTree = "<group>"; };
		037BD97C14D57274008B325C /* tab_people.png */ = {isa = PBXFileReference; lastKnownFileType = image.png; path = tab_people.png; sourceTree = "<group>"; };
		037BD97D14D57274008B325C /* tab_people@2x.png */ = {isa = PBXFileReference; lastKnownFileType = image.png; path = "tab_people@2x.png"; sourceTree = "<group>"; };
		037BD97E14D57274008B325C /* tab_profile.png */ = {isa = PBXFileReference; lastKnownFileType = image.png; path = tab_profile.png; sourceTree = "<group>"; };
		037BD97F14D57274008B325C /* tab_profile@2x.png */ = {isa = PBXFileReference; lastKnownFileType = image.png; path = "tab_profile@2x.png"; sourceTree = "<group>"; };
		037BD98014D57274008B325C /* tab_share.png */ = {isa = PBXFileReference; lastKnownFileType = image.png; path = tab_share.png; sourceTree = "<group>"; };
		037BD98114D57274008B325C /* tab_share@2x.png */ = {isa = PBXFileReference; lastKnownFileType = image.png; path = "tab_share@2x.png"; sourceTree = "<group>"; };
		037BD98214D57274008B325C /* tab_trip.png */ = {isa = PBXFileReference; lastKnownFileType = image.png; path = tab_trip.png; sourceTree = "<group>"; };
		037BD98314D57274008B325C /* tab_trip@2x.png */ = {isa = PBXFileReference; lastKnownFileType = image.png; path = "tab_trip@2x.png"; sourceTree = "<group>"; };
		039B582B14D67B2400E5212C /* MapViewController.h */ = {isa = PBXFileReference; fileEncoding = 4; lastKnownFileType = sourcecode.c.h; path = MapViewController.h; sourceTree = "<group>"; };
		039B582C14D67B2400E5212C /* MapViewController.m */ = {isa = PBXFileReference; fileEncoding = 4; lastKnownFileType = sourcecode.c.objc; path = MapViewController.m; sourceTree = "<group>"; };
		039B583114D67C2100E5212C /* CoreLocation.framework */ = {isa = PBXFileReference; lastKnownFileType = wrapper.framework; name = CoreLocation.framework; path = System/Library/Frameworks/CoreLocation.framework; sourceTree = SDKROOT; };
		039B583314D67C6600E5212C /* MapKit.framework */ = {isa = PBXFileReference; lastKnownFileType = wrapper.framework; name = MapKit.framework; path = System/Library/Frameworks/MapKit.framework; sourceTree = SDKROOT; };
		039F63F514C5CEE6002EC78F /* I'm Traveling.app */ = {isa = PBXFileReference; explicitFileType = wrapper.application; includeInIndex = 0; path = "I'm Traveling.app"; sourceTree = BUILT_PRODUCTS_DIR; };
		039F63F914C5CEE6002EC78F /* UIKit.framework */ = {isa = PBXFileReference; lastKnownFileType = wrapper.framework; name = UIKit.framework; path = System/Library/Frameworks/UIKit.framework; sourceTree = SDKROOT; };
		039F63FB14C5CEE6002EC78F /* Foundation.framework */ = {isa = PBXFileReference; lastKnownFileType = wrapper.framework; name = Foundation.framework; path = System/Library/Frameworks/Foundation.framework; sourceTree = SDKROOT; };
		039F63FD14C5CEE6002EC78F /* CoreGraphics.framework */ = {isa = PBXFileReference; lastKnownFileType = wrapper.framework; name = CoreGraphics.framework; path = System/Library/Frameworks/CoreGraphics.framework; sourceTree = SDKROOT; };
		039F640114C5CEE6002EC78F /* I'm Traveling-Info.plist */ = {isa = PBXFileReference; lastKnownFileType = text.plist.xml; path = "I'm Traveling-Info.plist"; sourceTree = "<group>"; };
		039F640314C5CEE6002EC78F /* en */ = {isa = PBXFileReference; lastKnownFileType = text.plist.strings; name = en; path = en.lproj/InfoPlist.strings; sourceTree = "<group>"; };
		039F640514C5CEE6002EC78F /* main.m */ = {isa = PBXFileReference; lastKnownFileType = sourcecode.c.objc; path = main.m; sourceTree = "<group>"; };
		039F640714C5CEE6002EC78F /* I'm Traveling-Prefix.pch */ = {isa = PBXFileReference; lastKnownFileType = sourcecode.c.h; path = "I'm Traveling-Prefix.pch"; sourceTree = "<group>"; };
		03AD0FEB14DB3AEE00D9573D /* Utils.h */ = {isa = PBXFileReference; fileEncoding = 4; lastKnownFileType = sourcecode.c.h; path = Utils.h; sourceTree = "<group>"; };
		03AD0FEC14DB3AEE00D9573D /* Utils.m */ = {isa = PBXFileReference; fileEncoding = 4; lastKnownFileType = sourcecode.c.objc; path = Utils.m; sourceTree = "<group>"; };
		03AD0FF014DBCE0800D9573D /* JSON.h */ = {isa = PBXFileReference; fileEncoding = 4; lastKnownFileType = sourcecode.c.h; path = JSON.h; sourceTree = "<group>"; };
		03AD0FF114DBCE0800D9573D /* NSObject+SBJson.h */ = {isa = PBXFileReference; fileEncoding = 4; lastKnownFileType = sourcecode.c.h; path = "NSObject+SBJson.h"; sourceTree = "<group>"; };
		03AD0FF214DBCE0800D9573D /* NSObject+SBJson.m */ = {isa = PBXFileReference; fileEncoding = 4; lastKnownFileType = sourcecode.c.objc; path = "NSObject+SBJson.m"; sourceTree = "<group>"; };
		03AD0FF314DBCE0800D9573D /* SBJson.h */ = {isa = PBXFileReference; fileEncoding = 4; lastKnownFileType = sourcecode.c.h; path = SBJson.h; sourceTree = "<group>"; };
		03AD0FF414DBCE0800D9573D /* SBJsonParser.h */ = {isa = PBXFileReference; fileEncoding = 4; lastKnownFileType = sourcecode.c.h; path = SBJsonParser.h; sourceTree = "<group>"; };
		03AD0FF514DBCE0800D9573D /* SBJsonParser.m */ = {isa = PBXFileReference; fileEncoding = 4; lastKnownFileType = sourcecode.c.objc; path = SBJsonParser.m; sourceTree = "<group>"; };
		03AD0FF614DBCE0800D9573D /* SBJsonStreamParser.h */ = {isa = PBXFileReference; fileEncoding = 4; lastKnownFileType = sourcecode.c.h; path = SBJsonStreamParser.h; sourceTree = "<group>"; };
		03AD0FF714DBCE0800D9573D /* SBJsonStreamParser.m */ = {isa = PBXFileReference; fileEncoding = 4; lastKnownFileType = sourcecode.c.objc; path = SBJsonStreamParser.m; sourceTree = "<group>"; };
		03AD0FF814DBCE0800D9573D /* SBJsonStreamParserAccumulator.h */ = {isa = PBXFileReference; fileEncoding = 4; lastKnownFileType = sourcecode.c.h; path = SBJsonStreamParserAccumulator.h; sourceTree = "<group>"; };
		03AD0FF914DBCE0800D9573D /* SBJsonStreamParserAccumulator.m */ = {isa = PBXFileReference; fileEncoding = 4; lastKnownFileType = sourcecode.c.objc; path = SBJsonStreamParserAccumulator.m; sourceTree = "<group>"; };
		03AD0FFA14DBCE0800D9573D /* SBJsonStreamParserAdapter.h */ = {isa = PBXFileReference; fileEncoding = 4; lastKnownFileType = sourcecode.c.h; path = SBJsonStreamParserAdapter.h; sourceTree = "<group>"; };
		03AD0FFB14DBCE0800D9573D /* SBJsonStreamParserAdapter.m */ = {isa = PBXFileReference; fileEncoding = 4; lastKnownFileType = sourcecode.c.objc; path = SBJsonStreamParserAdapter.m; sourceTree = "<group>"; };
		03AD0FFC14DBCE0800D9573D /* SBJsonStreamParserState.h */ = {isa = PBXFileReference; fileEncoding = 4; lastKnownFileType = sourcecode.c.h; path = SBJsonStreamParserState.h; sourceTree = "<group>"; };
		03AD0FFD14DBCE0800D9573D /* SBJsonStreamParserState.m */ = {isa = PBXFileReference; fileEncoding = 4; lastKnownFileType = sourcecode.c.objc; path = SBJsonStreamParserState.m; sourceTree = "<group>"; };
		03AD0FFE14DBCE0800D9573D /* SBJsonStreamWriter.h */ = {isa = PBXFileReference; fileEncoding = 4; lastKnownFileType = sourcecode.c.h; path = SBJsonStreamWriter.h; sourceTree = "<group>"; };
		03AD0FFF14DBCE0800D9573D /* SBJsonStreamWriter.m */ = {isa = PBXFileReference; fileEncoding = 4; lastKnownFileType = sourcecode.c.objc; path = SBJsonStreamWriter.m; sourceTree = "<group>"; };
		03AD100014DBCE0800D9573D /* SBJsonStreamWriterAccumulator.h */ = {isa = PBXFileReference; fileEncoding = 4; lastKnownFileType = sourcecode.c.h; path = SBJsonStreamWriterAccumulator.h; sourceTree = "<group>"; };
		03AD100114DBCE0800D9573D /* SBJsonStreamWriterAccumulator.m */ = {isa = PBXFileReference; fileEncoding = 4; lastKnownFileType = sourcecode.c.objc; path = SBJsonStreamWriterAccumulator.m; sourceTree = "<group>"; };
		03AD100214DBCE0800D9573D /* SBJsonStreamWriterState.h */ = {isa = PBXFileReference; fileEncoding = 4; lastKnownFileType = sourcecode.c.h; path = SBJsonStreamWriterState.h; sourceTree = "<group>"; };
		03AD100314DBCE0800D9573D /* SBJsonStreamWriterState.m */ = {isa = PBXFileReference; fileEncoding = 4; lastKnownFileType = sourcecode.c.objc; path = SBJsonStreamWriterState.m; sourceTree = "<group>"; };
		03AD100414DBCE0800D9573D /* SBJsonTokeniser.h */ = {isa = PBXFileReference; fileEncoding = 4; lastKnownFileType = sourcecode.c.h; path = SBJsonTokeniser.h; sourceTree = "<group>"; };
		03AD100514DBCE0800D9573D /* SBJsonTokeniser.m */ = {isa = PBXFileReference; fileEncoding = 4; lastKnownFileType = sourcecode.c.objc; path = SBJsonTokeniser.m; sourceTree = "<group>"; };
		03AD100614DBCE0800D9573D /* SBJsonUTF8Stream.h */ = {isa = PBXFileReference; fileEncoding = 4; lastKnownFileType = sourcecode.c.h; path = SBJsonUTF8Stream.h; sourceTree = "<group>"; };
		03AD100714DBCE0800D9573D /* SBJsonUTF8Stream.m */ = {isa = PBXFileReference; fileEncoding = 4; lastKnownFileType = sourcecode.c.objc; path = SBJsonUTF8Stream.m; sourceTree = "<group>"; };
		03AD100814DBCE0800D9573D /* SBJsonWriter.h */ = {isa = PBXFileReference; fileEncoding = 4; lastKnownFileType = sourcecode.c.h; path = SBJsonWriter.h; sourceTree = "<group>"; };
		03AD100914DBCE0800D9573D /* SBJsonWriter.m */ = {isa = PBXFileReference; fileEncoding = 4; lastKnownFileType = sourcecode.c.objc; path = SBJsonWriter.m; sourceTree = "<group>"; };
		03AD101614DBCEE600D9573D /* FeedObject.h */ = {isa = PBXFileReference; fileEncoding = 4; path = FeedObject.h; sourceTree = "<group>"; };
		03AD101714DBCEE600D9573D /* FeedObject.m */ = {isa = PBXFileReference; fileEncoding = 4; lastKnownFileType = sourcecode.c.objc; path = FeedObject.m; sourceTree = "<group>"; };
		03AD101914DBCF1800D9573D /* UserObject.h */ = {isa = PBXFileReference; fileEncoding = 4; lastKnownFileType = sourcecode.c.h; path = UserObject.h; sourceTree = "<group>"; };
		03AD101A14DBCF1800D9573D /* UserObject.m */ = {isa = PBXFileReference; fileEncoding = 4; lastKnownFileType = sourcecode.c.objc; path = UserObject.m; sourceTree = "<group>"; };
		03FDD10D14D4534D006E453A /* FeedDetailViewController.h */ = {isa = PBXFileReference; fileEncoding = 4; lastKnownFileType = sourcecode.c.h; path = FeedDetailViewController.h; sourceTree = "<group>"; };
		03FDD10E14D4534D006E453A /* FeedDetailViewController.m */ = {isa = PBXFileReference; fileEncoding = 4; lastKnownFileType = sourcecode.c.objc; path = FeedDetailViewController.m; sourceTree = "<group>"; };
		03FDD11414D465F8006E453A /* ThumbnailView.h */ = {isa = PBXFileReference; fileEncoding = 4; lastKnownFileType = sourcecode.c.h; path = ThumbnailView.h; sourceTree = "<group>"; };
		03FDD11514D465F8006E453A /* ThumbnailView.m */ = {isa = PBXFileReference; fileEncoding = 4; lastKnownFileType = sourcecode.c.objc; path = ThumbnailView.m; sourceTree = "<group>"; };
/* End PBXFileReference section */

/* Begin PBXFrameworksBuildPhase section */
		039F63F214C5CEE6002EC78F /* Frameworks */ = {
			isa = PBXFrameworksBuildPhase;
			buildActionMask = 2147483647;
			files = (
				039B583414D67C6600E5212C /* MapKit.framework in Frameworks */,
				039B583214D67C2100E5212C /* CoreLocation.framework in Frameworks */,
				0309901A14CB31DD00715F5A /* QuartzCore.framework in Frameworks */,
				039F63FA14C5CEE6002EC78F /* UIKit.framework in Frameworks */,
				039F63FC14C5CEE6002EC78F /* Foundation.framework in Frameworks */,
				039F63FE14C5CEE6002EC78F /* CoreGraphics.framework in Frameworks */,
			);
			runOnlyForDeploymentPostprocessing = 0;
		};
/* End PBXFrameworksBuildPhase section */

/* Begin PBXGroup section */
		0300E6AE14D18B7F00611039 /* ui */ = {
			isa = PBXGroup;
			children = (
				0300E6AF14D18B7F00611039 /* BlueArrow.png */,
				0300E6B014D18B7F00611039 /* BlueArrow@2x.png */,
				0300E6B114D18B7F00611039 /* button_following.png */,
				0300E6B214D18B7F00611039 /* button_following@2x.png */,
				0300E6B314D18B7F00611039 /* button_following_selected.png */,
				0300E6B414D18B7F00611039 /* button_following_selected@2x.png */,
				0300E6B514D18B7F00611039 /* button_map.png */,
				0300E6B614D18B7F00611039 /* button_map@2x.png */,
				0300E6B714D18B7F00611039 /* button_new.png */,
				0300E6B814D18B7F00611039 /* button_new@2x.png */,
				0300E6B914D18B7F00611039 /* button_new_selected.png */,
				0300E6BA14D18B7F00611039 /* button_new_selected@2x.png */,
				0300E6BB14D18B7F00611039 /* button_popular.png */,
				0300E6BC14D18B7F00611039 /* button_popular@2x.png */,
				0300E6BD14D18B7F00611039 /* button_popular_selected.png */,
				0300E6BE14D18B7F00611039 /* button_popular_selected@2x.png */,
				0300E6BF14D18B7F00611039 /* button_region.png */,
				0300E6C014D18B7F00611039 /* button_region@2x.png */,
				0300E6C114D18B7F00611039 /* navigation_bar.png */,
				0300E6C214D18B7F00611039 /* navigation_bar@2x.png */,
				037BD97814D57274008B325C /* tab_bar.png */,
				037BD97914D57274008B325C /* tab_bar@2x.png */,
				037BD97A14D57274008B325C /* tab_feed.png */,
				037BD97B14D57274008B325C /* tab_feed@2x.png */,
				037BD97C14D57274008B325C /* tab_people.png */,
				037BD97D14D57274008B325C /* tab_people@2x.png */,
				037BD97E14D57274008B325C /* tab_profile.png */,
				037BD97F14D57274008B325C /* tab_profile@2x.png */,
				037BD98014D57274008B325C /* tab_share.png */,
				037BD98114D57274008B325C /* tab_share@2x.png */,
				037BD98214D57274008B325C /* tab_trip.png */,
				037BD98314D57274008B325C /* tab_trip@2x.png */,
			);
			path = ui;
			sourceTree = "<group>";
		};
		0300E6D714D1A93100611039 /* Classes */ = {
			isa = PBXGroup;
			children = (
				0300E6D814D1A93100611039 /* AppDelegate.h */,
				0300E6D914D1A93100611039 /* AppDelegate.m */,
				0300E70314D1A93100611039 /* UIWebViewController.h */,
				0300E70414D1A93100611039 /* UIWebViewController.m */,
				0300E6FB14D1A93100611039 /* UIPullDownWebViewController.h */,
				0300E6FC14D1A93100611039 /* UIPullDownWebViewController.m */,
				0300E6DA14D1A93100611039 /* EGORefreshTableHeaderView.h */,
				0300E6DB14D1A93100611039 /* EGORefreshTableHeaderView.m */,
				03AD0FEB14DB3AEE00D9573D /* Utils.h */,
				03AD0FEC14DB3AEE00D9573D /* Utils.m */,
				0300E72014D23E6A00611039 /* Views */,
				0300E71D14D23E6A00611039 /* Managers */,
			);
			path = Classes;
			sourceTree = "<group>";
		};
		0300E71D14D23E6A00611039 /* Managers */ = {
			isa = PBXGroup;
			children = (
				0300E71E14D23E6A00611039 /* SettingsManager.h */,
				0300E71F14D23E6A00611039 /* SettingsManager.m */,
			);
			path = Managers;
			sourceTree = "<group>";
		};
		0300E72014D23E6A00611039 /* Views */ = {
			isa = PBXGroup;
			children = (
				0300E72114D23E6B00611039 /* FeedListViewController.h */,
				0300E72214D23E6B00611039 /* FeedListViewController.m */,
				03FDD10D14D4534D006E453A /* FeedDetailViewController.h */,
				03FDD10E14D4534D006E453A /* FeedDetailViewController.m */,
				0300E72714D23E6B00611039 /* ShareViewController.h */,
				0300E72814D23E6B00611039 /* ShareViewController.m */,
				0300E72314D23E6B00611039 /* ProfileViewController.h */,
				0300E72414D23E6B00611039 /* ProfileViewController.m */,
				0300E72514D23E6B00611039 /* RegionViewController.h */,
				0300E72614D23E6B00611039 /* RegionViewController.m */,
				03FDD11414D465F8006E453A /* ThumbnailView.h */,
				03FDD11514D465F8006E453A /* ThumbnailView.m */,
				039B582B14D67B2400E5212C /* MapViewController.h */,
				039B582C14D67B2400E5212C /* MapViewController.m */,
			);
			path = Views;
			sourceTree = "<group>";
		};
		03266C3A14C67BB800B4A447 /* Resources */ = {
			isa = PBXGroup;
			children = (
				0300E6AE14D18B7F00611039 /* ui */,
			);
			path = Resources;
			sourceTree = "<group>";
		};
		03508C7714D95F340057D723 /* Objects */ = {
			isa = PBXGroup;
			children = (
				03AD101614DBCEE600D9573D /* FeedObject.h */,
				03AD101714DBCEE600D9573D /* FeedObject.m */,
				03AD101914DBCF1800D9573D /* UserObject.h */,
				03AD101A14DBCF1800D9573D /* UserObject.m */,
				03508C7914D95FC90057D723 /* FeedMarker.h */,
				03508C7A14D95FC90057D723 /* FeedMarker.m */,
			);
			name = Objects;
			path = Classes/Objects;
			sourceTree = "<group>";
		};
		039F63EA14C5CEE6002EC78F = {
			isa = PBXGroup;
			children = (
				03266C1514C668B200B4A447 /* www */,
				039F63FF14C5CEE6002EC78F /* I'm Traveling */,
				03266C3A14C67BB800B4A447 /* Resources */,
				039F63F814C5CEE6002EC78F /* Frameworks */,
				039F63F614C5CEE6002EC78F /* Products */,
			);
			sourceTree = "<group>";
		};
		039F63F614C5CEE6002EC78F /* Products */ = {
			isa = PBXGroup;
			children = (
				039F63F514C5CEE6002EC78F /* I'm Traveling.app */,
			);
			name = Products;
			sourceTree = "<group>";
		};
		039F63F814C5CEE6002EC78F /* Frameworks */ = {
			isa = PBXGroup;
			children = (
				039B583314D67C6600E5212C /* MapKit.framework */,
				039B583114D67C2100E5212C /* CoreLocation.framework */,
				0309901914CB31DD00715F5A /* QuartzCore.framework */,
				039F63F914C5CEE6002EC78F /* UIKit.framework */,
				039F63FB14C5CEE6002EC78F /* Foundation.framework */,
				039F63FD14C5CEE6002EC78F /* CoreGraphics.framework */,
			);
			name = Frameworks;
			sourceTree = "<group>";
		};
		039F63FF14C5CEE6002EC78F /* I'm Traveling */ = {
			isa = PBXGroup;
			children = (
				0300E6D714D1A93100611039 /* Classes */,
				03508C7714D95F340057D723 /* Objects */,
				03AD0FEF14DBCE0800D9573D /* SBJSON */,
				039F640014C5CEE6002EC78F /* Supporting Files */,
			);
			path = "I'm Traveling";
			sourceTree = "<group>";
		};
		039F640014C5CEE6002EC78F /* Supporting Files */ = {
			isa = PBXGroup;
			children = (
				0300E67214D133BF00611039 /* Const.h */,
				039F640114C5CEE6002EC78F /* I'm Traveling-Info.plist */,
				039F640214C5CEE6002EC78F /* InfoPlist.strings */,
				039F640514C5CEE6002EC78F /* main.m */,
				039F640714C5CEE6002EC78F /* I'm Traveling-Prefix.pch */,
			);
			name = "Supporting Files";
			sourceTree = "<group>";
		};
		03AD0FEF14DBCE0800D9573D /* SBJSON */ = {
			isa = PBXGroup;
			children = (
				03AD0FF014DBCE0800D9573D /* JSON.h */,
				03AD0FF114DBCE0800D9573D /* NSObject+SBJson.h */,
				03AD0FF214DBCE0800D9573D /* NSObject+SBJson.m */,
				03AD0FF314DBCE0800D9573D /* SBJson.h */,
				03AD0FF414DBCE0800D9573D /* SBJsonParser.h */,
				03AD0FF514DBCE0800D9573D /* SBJsonParser.m */,
				03AD0FF614DBCE0800D9573D /* SBJsonStreamParser.h */,
				03AD0FF714DBCE0800D9573D /* SBJsonStreamParser.m */,
				03AD0FF814DBCE0800D9573D /* SBJsonStreamParserAccumulator.h */,
				03AD0FF914DBCE0800D9573D /* SBJsonStreamParserAccumulator.m */,
				03AD0FFA14DBCE0800D9573D /* SBJsonStreamParserAdapter.h */,
				03AD0FFB14DBCE0800D9573D /* SBJsonStreamParserAdapter.m */,
				03AD0FFC14DBCE0800D9573D /* SBJsonStreamParserState.h */,
				03AD0FFD14DBCE0800D9573D /* SBJsonStreamParserState.m */,
				03AD0FFE14DBCE0800D9573D /* SBJsonStreamWriter.h */,
				03AD0FFF14DBCE0800D9573D /* SBJsonStreamWriter.m */,
				03AD100014DBCE0800D9573D /* SBJsonStreamWriterAccumulator.h */,
				03AD100114DBCE0800D9573D /* SBJsonStreamWriterAccumulator.m */,
				03AD100214DBCE0800D9573D /* SBJsonStreamWriterState.h */,
				03AD100314DBCE0800D9573D /* SBJsonStreamWriterState.m */,
				03AD100414DBCE0800D9573D /* SBJsonTokeniser.h */,
				03AD100514DBCE0800D9573D /* SBJsonTokeniser.m */,
				03AD100614DBCE0800D9573D /* SBJsonUTF8Stream.h */,
				03AD100714DBCE0800D9573D /* SBJsonUTF8Stream.m */,
				03AD100814DBCE0800D9573D /* SBJsonWriter.h */,
				03AD100914DBCE0800D9573D /* SBJsonWriter.m */,
			);
			name = SBJSON;
			path = Classes/SBJSON;
			sourceTree = "<group>";
		};
/* End PBXGroup section */

/* Begin PBXNativeTarget section */
		039F63F414C5CEE6002EC78F /* I'm Traveling */ = {
			isa = PBXNativeTarget;
			buildConfigurationList = 039F640D14C5CEE6002EC78F /* Build configuration list for PBXNativeTarget "I'm Traveling" */;
			buildPhases = (
				039F63F114C5CEE6002EC78F /* Sources */,
				039F63F214C5CEE6002EC78F /* Frameworks */,
				039F63F314C5CEE6002EC78F /* Resources */,
			);
			buildRules = (
			);
			dependencies = (
			);
			name = "I'm Traveling";
			productName = "I'm Traveling";
			productReference = 039F63F514C5CEE6002EC78F /* I'm Traveling.app */;
			productType = "com.apple.product-type.application";
		};
/* End PBXNativeTarget section */

/* Begin PBXProject section */
		039F63EC14C5CEE6002EC78F /* Project object */ = {
			isa = PBXProject;
			attributes = {
				LastUpgradeCheck = 0420;
				ORGANIZATIONNAME = Joyfl;
			};
			buildConfigurationList = 039F63EF14C5CEE6002EC78F /* Build configuration list for PBXProject "I'm Traveling" */;
			compatibilityVersion = "Xcode 3.2";
			developmentRegion = English;
			hasScannedForEncodings = 0;
			knownRegions = (
				en,
			);
			mainGroup = 039F63EA14C5CEE6002EC78F;
			productRefGroup = 039F63F614C5CEE6002EC78F /* Products */;
			projectDirPath = "";
			projectRoot = "";
			targets = (
				039F63F414C5CEE6002EC78F /* I'm Traveling */,
			);
		};
/* End PBXProject section */

/* Begin PBXResourcesBuildPhase section */
		039F63F314C5CEE6002EC78F /* Resources */ = {
			isa = PBXResourcesBuildPhase;
			buildActionMask = 2147483647;
			files = (
				039F640414C5CEE6002EC78F /* InfoPlist.strings in Resources */,
				03266C1614C668B200B4A447 /* www in Resources */,
				0300E6C314D18B7F00611039 /* BlueArrow.png in Resources */,
				0300E6C414D18B7F00611039 /* BlueArrow@2x.png in Resources */,
				0300E6C514D18B7F00611039 /* button_following.png in Resources */,
				0300E6C614D18B7F00611039 /* button_following@2x.png in Resources */,
				0300E6C714D18B7F00611039 /* button_following_selected.png in Resources */,
				0300E6C814D18B7F00611039 /* button_following_selected@2x.png in Resources */,
				0300E6C914D18B7F00611039 /* button_map.png in Resources */,
				0300E6CA14D18B7F00611039 /* button_map@2x.png in Resources */,
				0300E6CB14D18B7F00611039 /* button_new.png in Resources */,
				0300E6CC14D18B7F00611039 /* button_new@2x.png in Resources */,
				0300E6CD14D18B7F00611039 /* button_new_selected.png in Resources */,
				0300E6CE14D18B7F00611039 /* button_new_selected@2x.png in Resources */,
				0300E6CF14D18B7F00611039 /* button_popular.png in Resources */,
				0300E6D014D18B7F00611039 /* button_popular@2x.png in Resources */,
				0300E6D114D18B7F00611039 /* button_popular_selected.png in Resources */,
				0300E6D214D18B7F00611039 /* button_popular_selected@2x.png in Resources */,
				0300E6D314D18B7F00611039 /* button_region.png in Resources */,
				0300E6D414D18B7F00611039 /* button_region@2x.png in Resources */,
				0300E6D514D18B7F00611039 /* navigation_bar.png in Resources */,
				0300E6D614D18B7F00611039 /* navigation_bar@2x.png in Resources */,
				037BD98414D57274008B325C /* tab_bar.png in Resources */,
				037BD98514D57274008B325C /* tab_bar@2x.png in Resources */,
				037BD98614D57274008B325C /* tab_feed.png in Resources */,
				037BD98714D57274008B325C /* tab_feed@2x.png in Resources */,
				037BD98814D57274008B325C /* tab_people.png in Resources */,
				037BD98914D57274008B325C /* tab_people@2x.png in Resources */,
				037BD98A14D57274008B325C /* tab_profile.png in Resources */,
				037BD98B14D57274008B325C /* tab_profile@2x.png in Resources */,
				037BD98C14D57274008B325C /* tab_share.png in Resources */,
				037BD98D14D57274008B325C /* tab_share@2x.png in Resources */,
				037BD98E14D57274008B325C /* tab_trip.png in Resources */,
				037BD98F14D57274008B325C /* tab_trip@2x.png in Resources */,
			);
			runOnlyForDeploymentPostprocessing = 0;
		};
/* End PBXResourcesBuildPhase section */

/* Begin PBXSourcesBuildPhase section */
		039F63F114C5CEE6002EC78F /* Sources */ = {
			isa = PBXSourcesBuildPhase;
			buildActionMask = 2147483647;
			files = (
				039F640614C5CEE6002EC78F /* main.m in Sources */,
				0300E70714D1A93100611039 /* AppDelegate.m in Sources */,
				0300E70814D1A93100611039 /* EGORefreshTableHeaderView.m in Sources */,
				0300E71714D1A93100611039 /* UIPullDownWebViewController.m in Sources */,
				0300E71B14D1A93100611039 /* UIWebViewController.m in Sources */,
				0300E72914D23E6B00611039 /* SettingsManager.m in Sources */,
				0300E72A14D23E6B00611039 /* FeedListViewController.m in Sources */,
				0300E72B14D23E6B00611039 /* ProfileViewController.m in Sources */,
				0300E72C14D23E6B00611039 /* RegionViewController.m in Sources */,
				0300E72D14D23E6B00611039 /* ShareViewController.m in Sources */,
				03FDD10F14D4534D006E453A /* FeedDetailViewController.m in Sources */,
				03FDD11614D465F8006E453A /* ThumbnailView.m in Sources */,
				039B582D14D67B2400E5212C /* MapViewController.m in Sources */,
				03508C7B14D95FC90057D723 /* FeedMarker.m in Sources */,
				03AD0FED14DB3AEE00D9573D /* Utils.m in Sources */,
				03AD100A14DBCE0800D9573D /* NSObject+SBJson.m in Sources */,
				03AD100B14DBCE0800D9573D /* SBJsonParser.m in Sources */,
				03AD100C14DBCE0800D9573D /* SBJsonStreamParser.m in Sources */,
				03AD100D14DBCE0800D9573D /* SBJsonStreamParserAccumulator.m in Sources */,
				03AD100E14DBCE0800D9573D /* SBJsonStreamParserAdapter.m in Sources */,
				03AD100F14DBCE0800D9573D /* SBJsonStreamParserState.m in Sources */,
				03AD101014DBCE0800D9573D /* SBJsonStreamWriter.m in Sources */,
				03AD101114DBCE0800D9573D /* SBJsonStreamWriterAccumulator.m in Sources */,
				03AD101214DBCE0800D9573D /* SBJsonStreamWriterState.m in Sources */,
				03AD101314DBCE0800D9573D /* SBJsonTokeniser.m in Sources */,
				03AD101414DBCE0800D9573D /* SBJsonUTF8Stream.m in Sources */,
				03AD101514DBCE0800D9573D /* SBJsonWriter.m in Sources */,
				03AD101814DBCEE600D9573D /* FeedObject.m in Sources */,
				03AD101B14DBCF1800D9573D /* UserObject.m in Sources */,
			);
			runOnlyForDeploymentPostprocessing = 0;
		};
/* End PBXSourcesBuildPhase section */

/* Begin PBXVariantGroup section */
		039F640214C5CEE6002EC78F /* InfoPlist.strings */ = {
			isa = PBXVariantGroup;
			children = (
				039F640314C5CEE6002EC78F /* en */,
			);
			name = InfoPlist.strings;
			sourceTree = "<group>";
		};
/* End PBXVariantGroup section */

/* Begin XCBuildConfiguration section */
		039F640B14C5CEE6002EC78F /* Debug */ = {
			isa = XCBuildConfiguration;
			buildSettings = {
				ALWAYS_SEARCH_USER_PATHS = NO;
				ARCHS = "$(ARCHS_STANDARD_32_BIT)";
				"CODE_SIGN_IDENTITY[sdk=iphoneos*]" = "iPhone Developer";
				COPY_PHASE_STRIP = NO;
				GCC_C_LANGUAGE_STANDARD = gnu99;
				GCC_DYNAMIC_NO_PIC = NO;
				GCC_OPTIMIZATION_LEVEL = 0;
				GCC_PREPROCESSOR_DEFINITIONS = (
					"DEBUG=1",
					"$(inherited)",
				);
				GCC_SYMBOLS_PRIVATE_EXTERN = NO;
				GCC_VERSION = "";
				GCC_WARN_ABOUT_MISSING_PROTOTYPES = YES;
				GCC_WARN_ABOUT_RETURN_TYPE = YES;
				GCC_WARN_UNUSED_VARIABLE = YES;
				IPHONEOS_DEPLOYMENT_TARGET = 5.0;
				SDKROOT = iphoneos;
			};
			name = Debug;
		};
		039F640C14C5CEE6002EC78F /* Release */ = {
			isa = XCBuildConfiguration;
			buildSettings = {
				ALWAYS_SEARCH_USER_PATHS = NO;
				ARCHS = "$(ARCHS_STANDARD_32_BIT)";
				"CODE_SIGN_IDENTITY[sdk=iphoneos*]" = "iPhone Developer";
				COPY_PHASE_STRIP = YES;
				GCC_C_LANGUAGE_STANDARD = gnu99;
				GCC_VERSION = "";
				GCC_WARN_ABOUT_MISSING_PROTOTYPES = YES;
				GCC_WARN_ABOUT_RETURN_TYPE = YES;
				GCC_WARN_UNUSED_VARIABLE = YES;
				IPHONEOS_DEPLOYMENT_TARGET = 5.0;
				OTHER_CFLAGS = "-DNS_BLOCK_ASSERTIONS=1";
				SDKROOT = iphoneos;
				VALIDATE_PRODUCT = YES;
			};
			name = Release;
		};
		039F640E14C5CEE6002EC78F /* Debug */ = {
			isa = XCBuildConfiguration;
			buildSettings = {
				GCC_PRECOMPILE_PREFIX_HEADER = YES;
				GCC_PREFIX_HEADER = "I'm Traveling/I'm Traveling-Prefix.pch";
				INFOPLIST_FILE = "I'm Traveling/I'm Traveling-Info.plist";
				PRODUCT_NAME = "$(TARGET_NAME)";
				WRAPPER_EXTENSION = app;
			};
			name = Debug;
		};
		039F640F14C5CEE6002EC78F /* Release */ = {
			isa = XCBuildConfiguration;
			buildSettings = {
				GCC_PRECOMPILE_PREFIX_HEADER = YES;
				GCC_PREFIX_HEADER = "I'm Traveling/I'm Traveling-Prefix.pch";
				INFOPLIST_FILE = "I'm Traveling/I'm Traveling-Info.plist";
				PRODUCT_NAME = "$(TARGET_NAME)";
				WRAPPER_EXTENSION = app;
			};
			name = Release;
		};
/* End XCBuildConfiguration section */

/* Begin XCConfigurationList section */
		039F63EF14C5CEE6002EC78F /* Build configuration list for PBXProject "I'm Traveling" */ = {
			isa = XCConfigurationList;
			buildConfigurations = (
				039F640B14C5CEE6002EC78F /* Debug */,
				039F640C14C5CEE6002EC78F /* Release */,
			);
			defaultConfigurationIsVisible = 0;
			defaultConfigurationName = Release;
		};
		039F640D14C5CEE6002EC78F /* Build configuration list for PBXNativeTarget "I'm Traveling" */ = {
			isa = XCConfigurationList;
			buildConfigurations = (
				039F640E14C5CEE6002EC78F /* Debug */,
				039F640F14C5CEE6002EC78F /* Release */,
			);
			defaultConfigurationIsVisible = 0;
			defaultConfigurationName = Release;
		};
/* End XCConfigurationList section */
	};
	rootObject = 039F63EC14C5CEE6002EC78F /* Project object */;
}
